{
  "version": 4,
  "terraform_version": "1.14.1",
  "serial": 1038,
  "lineage": "9f1a99cb-0577-5b01-76f5-f9329838b4e7",
  "outputs": {
    "bastion_dev_private_dns": {
      "value": "ip-10-0-0-139.ec2.internal",
      "type": "string"
    },
    "bastion_dev_public_dns": {
      "value": "ec2-98-92-134-30.compute-1.amazonaws.com",
      "type": "string"
    },
    "data_dev_private_dns": {
      "value": "ip-10-0-1-12.ec2.internal",
      "type": "string"
    },
    "monolith_dev_private_dns": {
      "value": "ip-10-0-1-11.ec2.internal",
      "type": "string"
    },
    "proxy_dev_private_dns": {
      "value": "ip-10-0-1-10.ec2.internal",
      "type": "string"
    },
    "proxy_dev_public_dns": {
      "value": "",
      "type": "string"
    }
  },
  "resources": [
    {
      "mode": "managed",
      "type": "aws_eip_association",
      "name": "proxy_dev_eip_assoc",
      "provider": "provider[\"registry.terraform.io/hashicorp/aws\"]",
      "instances": [
        {
          "schema_version": 0,
          "attributes": {
            "allocation_id": "eipalloc-0a06fd4140fafdd3c",
            "allow_reassociation": null,
            "id": "eipassoc-0e8b9927d185383bf",
            "instance_id": "i-09c08f4097214a37b",
            "network_interface_id": "eni-0e146552c00d37b15",
            "private_ip_address": "10.0.1.10",
            "public_ip": "54.210.115.180",
            "region": "us-east-1"
          },
          "sensitive_attributes": [],
          "identity_schema_version": 0,
          "private": "bnVsbA==",
          "dependencies": [
            "aws_instance.proxy_dev",
            "module.shared.aws_iam_instance_profile.combined_instance_profile",
            "module.shared.aws_iam_role.combined_role",
            "module.shared.aws_security_group.allow_internal",
            "module.shared.aws_security_group.allow_ssh_from_public_subnet",
            "module.shared.aws_security_group.allow_web_egress",
            "module.shared.aws_security_group.allow_web_ingress",
            "module.shared.aws_subnet.private",
            "module.shared.aws_vpc.main"
          ]
        }
      ]
    },
    {
      "mode": "managed",
      "type": "aws_instance",
      "name": "bastion_dev",
      "provider": "provider[\"registry.terraform.io/hashicorp/aws\"]",
      "instances": [
        {
          "schema_version": 2,
          "attributes": {
            "ami": "ami-0f9c27b471bdcd702",
            "arn": "arn:aws:ec2:us-east-1:063088900305:instance/i-0a150675eaf03ce0e",
            "associate_public_ip_address": true,
            "availability_zone": "us-east-1a",
            "capacity_reservation_specification": [
              {
                "capacity_reservation_preference": "open",
                "capacity_reservation_target": []
              }
            ],
            "cpu_options": [
              {
                "amd_sev_snp": "",
                "core_count": 1,
                "threads_per_core": 2
              }
            ],
            "credit_specification": [
              {
                "cpu_credits": "unlimited"
              }
            ],
            "disable_api_stop": false,
            "disable_api_termination": false,
            "ebs_block_device": [],
            "ebs_optimized": false,
            "enable_primary_ipv6": null,
            "enclave_options": [
              {
                "enabled": false
              }
            ],
            "ephemeral_block_device": [],
            "force_destroy": false,
            "get_password_data": false,
            "hibernation": false,
            "host_id": "",
            "host_resource_group_arn": null,
            "iam_instance_profile": "",
            "id": "i-0a150675eaf03ce0e",
            "instance_initiated_shutdown_behavior": "stop",
            "instance_lifecycle": "",
            "instance_market_options": [],
            "instance_state": "running",
            "instance_type": "t3.nano",
            "ipv6_address_count": 0,
            "ipv6_addresses": [],
            "key_name": "dev-bastion",
            "launch_template": [],
            "maintenance_options": [
              {
                "auto_recovery": "default"
              }
            ],
            "metadata_options": [
              {
                "http_endpoint": "enabled",
                "http_protocol_ipv6": "disabled",
                "http_put_response_hop_limit": 1,
                "http_tokens": "optional",
                "instance_metadata_tags": "disabled"
              }
            ],
            "monitoring": false,
            "network_interface": [],
            "outpost_arn": "",
            "password_data": "",
            "placement_group": "",
            "placement_group_id": "",
            "placement_partition_number": 0,
            "primary_network_interface": [
              {
                "delete_on_termination": true,
                "network_interface_id": "eni-078a9f9cedd38dbec"
              }
            ],
            "primary_network_interface_id": "eni-078a9f9cedd38dbec",
            "private_dns": "ip-10-0-0-139.ec2.internal",
            "private_dns_name_options": [
              {
                "enable_resource_name_dns_a_record": false,
                "enable_resource_name_dns_aaaa_record": false,
                "hostname_type": "ip-name"
              }
            ],
            "private_ip": "10.0.0.139",
            "public_dns": "ec2-98-92-134-30.compute-1.amazonaws.com",
            "public_ip": "98.92.134.30",
            "region": "us-east-1",
            "root_block_device": [
              {
                "delete_on_termination": true,
                "device_name": "/dev/xvda",
                "encrypted": false,
                "iops": 3000,
                "kms_key_id": "",
                "tags": {},
                "tags_all": {},
                "throughput": 125,
                "volume_id": "vol-0b261c3eb3f0531f4",
                "volume_size": 8,
                "volume_type": "gp3"
              }
            ],
            "secondary_private_ips": [],
            "security_groups": [],
            "source_dest_check": true,
            "spot_instance_request_id": "",
            "subnet_id": "subnet-090cf0eb0859ec8f0",
            "tags": {
              "Name": "dev.bastion"
            },
            "tags_all": {
              "Name": "dev.bastion"
            },
            "tenancy": "default",
            "timeouts": null,
            "user_data": "#!/bin/bash\n#!/bin/bash\n\nwait_for_machine_ready() {\n  local retries=10\n  local delay=10\n\n  for ((i=1; i\u003c=retries; i++)); do\n    echo \"Checking if the machine is ready (attempt $i)...\"\n    if curl -s --head http://example.com | grep \"200 OK\" \u003e /dev/null; then\n      echo \"Machine is ready.\"\n      return 0\n    fi\n\n    echo \"Machine not ready. Retrying in $delay seconds...\"\n    sleep \"$delay\"\n  done\n\n  echo \"Machine did not become ready after $((retries * delay)) seconds.\"\n  return 1\n}\n\n###\n# First, wait for the machine to be ready\n###\nwait_for_machine_ready || exit 1\n\nsudo apt-get update\nsudo apt-get install -y unzip jq\n\n# Enable automatic security updates\nsudo apt-get install -y unattended-upgrades\nsudo DEBIAN_FRONTEND=noninteractive dpkg-reconfigure -plow unattended-upgrades\n\n\n# fail2ban\nsudo apt-get install -y fail2ban\nsudo systemctl enable fail2ban\nsudo systemctl start fail2ban\nsudo systemctl status fail2ban\n\n\n\nsudo apt-get install ufw -y\n\n# UFW - only allow ssh\nufw default deny incoming\nufw default allow outgoing\nufw allow ssh\nufw enable\n",
            "user_data_base64": null,
            "user_data_replace_on_change": false,
            "volume_tags": null,
            "vpc_security_group_ids": [
              "sg-05a9ad363d89a282a",
              "sg-0ab36014878a34acd",
              "sg-0ab5c8b170b9b6a77",
              "sg-0cff2452c164969bc"
            ]
          },
          "sensitive_attributes": [],
          "identity_schema_version": 0,
          "identity": {
            "account_id": "063088900305",
            "id": "i-0a150675eaf03ce0e",
            "region": "us-east-1"
          },
          "private": "eyJlMmJmYjczMC1lY2FhLTExZTYtOGY4OC0zNDM2M2JjN2M0YzAiOnsiY3JlYXRlIjo2MDAwMDAwMDAwMDAsImRlbGV0ZSI6MTIwMDAwMDAwMDAwMCwicmVhZCI6OTAwMDAwMDAwMDAwLCJ1cGRhdGUiOjYwMDAwMDAwMDAwMH0sInNjaGVtYV92ZXJzaW9uIjoiMiJ9",
          "dependencies": [
            "module.shared.aws_security_group.allow_internal",
            "module.shared.aws_security_group.allow_ssh_ingress",
            "module.shared.aws_security_group.allow_web_egress",
            "module.shared.aws_security_group.allow_web_ingress",
            "module.shared.aws_subnet.public",
            "module.shared.aws_vpc.main"
          ]
        }
      ]
    },
    {
      "mode": "managed",
      "type": "aws_instance",
      "name": "data_dev",
      "provider": "provider[\"registry.terraform.io/hashicorp/aws\"]",
      "instances": [
        {
          "schema_version": 2,
          "attributes": {
            "ami": "ami-0f9c27b471bdcd702",
            "arn": "arn:aws:ec2:us-east-1:063088900305:instance/i-06c1827f51425994a",
            "associate_public_ip_address": false,
            "availability_zone": "us-east-1a",
            "capacity_reservation_specification": [
              {
                "capacity_reservation_preference": "open",
                "capacity_reservation_target": []
              }
            ],
            "cpu_options": [
              {
                "amd_sev_snp": "",
                "core_count": 1,
                "threads_per_core": 2
              }
            ],
            "credit_specification": [
              {
                "cpu_credits": "unlimited"
              }
            ],
            "disable_api_stop": false,
            "disable_api_termination": false,
            "ebs_block_device": [],
            "ebs_optimized": false,
            "enable_primary_ipv6": null,
            "enclave_options": [
              {
                "enabled": false
              }
            ],
            "ephemeral_block_device": [],
            "force_destroy": false,
            "get_password_data": false,
            "hibernation": false,
            "host_id": "",
            "host_resource_group_arn": null,
            "iam_instance_profile": "dev-combined-instance-profile",
            "id": "i-06c1827f51425994a",
            "instance_initiated_shutdown_behavior": "stop",
            "instance_lifecycle": "",
            "instance_market_options": [],
            "instance_state": "running",
            "instance_type": "t3.nano",
            "ipv6_address_count": 0,
            "ipv6_addresses": [],
            "key_name": "dev",
            "launch_template": [],
            "maintenance_options": [
              {
                "auto_recovery": "default"
              }
            ],
            "metadata_options": [
              {
                "http_endpoint": "enabled",
                "http_protocol_ipv6": "disabled",
                "http_put_response_hop_limit": 1,
                "http_tokens": "optional",
                "instance_metadata_tags": "disabled"
              }
            ],
            "monitoring": false,
            "network_interface": [],
            "outpost_arn": "",
            "password_data": "",
            "placement_group": "",
            "placement_group_id": "",
            "placement_partition_number": 0,
            "primary_network_interface": [
              {
                "delete_on_termination": true,
                "network_interface_id": "eni-0c316823f862ca63b"
              }
            ],
            "primary_network_interface_id": "eni-0c316823f862ca63b",
            "private_dns": "ip-10-0-1-12.ec2.internal",
            "private_dns_name_options": [
              {
                "enable_resource_name_dns_a_record": false,
                "enable_resource_name_dns_aaaa_record": false,
                "hostname_type": "ip-name"
              }
            ],
            "private_ip": "10.0.1.12",
            "public_dns": "",
            "public_ip": "",
            "region": "us-east-1",
            "root_block_device": [
              {
                "delete_on_termination": true,
                "device_name": "/dev/xvda",
                "encrypted": false,
                "iops": 3000,
                "kms_key_id": "",
                "tags": {},
                "tags_all": {},
                "throughput": 125,
                "volume_id": "vol-00409a221881bfcf2",
                "volume_size": 8,
                "volume_type": "gp3"
              }
            ],
            "secondary_private_ips": [],
            "security_groups": [],
            "source_dest_check": true,
            "spot_instance_request_id": "",
            "subnet_id": "subnet-0c8ab07ec66ba4a84",
            "tags": {
              "Name": "dev.data"
            },
            "tags_all": {
              "Name": "dev.data"
            },
            "tenancy": "default",
            "timeouts": null,
            "user_data": "#!/bin/bash\n\nhostnamectl set-hostname data # script needs to know\n\n#!/bin/bash\n\nwait_for_machine_ready() {\n  local retries=10\n  local delay=10\n\n  for ((i=1; i\u003c=retries; i++)); do\n    echo \"Checking if the machine is ready (attempt $i)...\"\n    if curl -s --head http://example.com | grep \"200 OK\" \u003e /dev/null; then\n      echo \"Machine is ready.\"\n      return 0\n    fi\n\n    echo \"Machine not ready. Retrying in $delay seconds...\"\n    sleep \"$delay\"\n  done\n\n  echo \"Machine did not become ready after $((retries * delay)) seconds.\"\n  return 1\n}\n\n###\n# First, wait for the machine to be ready\n###\nwait_for_machine_ready || exit 1\n\nsudo apt-get update\nsudo apt-get install -y unzip jq\n\n# Enable automatic security updates\nsudo apt-get install -y unattended-upgrades\nsudo DEBIAN_FRONTEND=noninteractive dpkg-reconfigure -plow unattended-upgrades\n\n\n# fail2ban\nsudo apt-get install -y fail2ban\nsudo systemctl enable fail2ban\nsudo systemctl start fail2ban\nsudo systemctl status fail2ban\n\n\n#!/bin/bash\n\n# S3 cli (for pulling container images and configs):\nsudo apt install -y awscli\n\n# Docker\n# remove any conflicting packages:\nsudo apt remove $(dpkg --get-selections docker.io docker-compose docker-doc podman-docker containerd runc | cut -f1)\n\n# Add Docker's official GPG key:\nsudo apt update\nsudo apt install -y ca-certificates curl \nsudo install -m 0755 -d /etc/apt/keyrings\nsudo curl -fsSL https://download.docker.com/linux/debian/gpg -o /etc/apt/keyrings/docker.asc\nsudo chmod a+r /etc/apt/keyrings/docker.asc\n\n# Add the repository to Apt sources:\nsudo tee /etc/apt/sources.list.d/docker.sources \u003c\u003cDOCKER_EOF\nTypes: deb\nURIs: https://download.docker.com/linux/debian\nSuites: $(. /etc/os-release \u0026\u0026 echo \"$VERSION_CODENAME\")\nComponents: stable\nSigned-By: /etc/apt/keyrings/docker.asc\nDOCKER_EOF\n\nsudo apt-get update -y \u0026\u0026 sudo apt-get dist-upgrade -y\n\nsudo apt install -y docker-ce docker-ce-cli containerd.io docker-buildx-plugin docker-compose-plugin\n\nnewgrp docker # admin user must be in the docker group\n\nsudo systemctl start docker\nsudo systemctl enable docker\nsudo systemctl status docker\n\nsudo usermod -aG docker admin # N.B. 'admin' is the default user on AWS Debian AMIs\nsudo usermod -aG docker internal\nsudo systemctl restart docker\n\n\n\n\n\n\n\n#####\n# Devops: Create a deploy.sh script\n#####\ncat \u003c\u003c'SCRIPT' \u003e /home/admin/deploy.sh\n#!/bin/bash\n\n# Variables\nENVIRONMENT=\"dev\"\nAWS_REGION=\"us-east-1\"\nSECRET_NAME=\"read_ghcr\"\nMACHINE=$(hostname) # should be 'proxy', 'monolith', or 'data'\nS3_BUCKET=\"prismlabs-deployment\"\n\nlogin_to_github() {\n  echo \"Logging in to GitHub Container Registry...\"\n  GITHUB_PAT=$(aws ssm get-parameter --name \"$SECRET_NAME\" --with-decryption --region \"$AWS_REGION\" | jq \".Parameter.Value\" -r)\n  if [ -z \"$GITHUB_PAT\" ]; then\n    echo \"Failed to retrieve GitHub PAT from AWS Secrets Manager.\"\n    exit 1\n  fi\n  echo \"$GITHUB_PAT\" | docker login ghcr.io -u YOUR_GITHUB_USERNAME --password-stdin\n}\n\npull_docker_compose_files() {\n  echo \"Retrieving Docker Compose files from S3...\"\n  FILES=$(aws s3 ls \"s3://$S3_BUCKET\" --region \"$AWS_REGION\" | awk '{print $4}')\n\n  # Filter for the base file and the environment-specific file\n  BASE_FILE=\"docker-compose-$MACHINE.yml\"\n  ENV_FILE=\"docker-compose-$MACHINE.$ENVIRONMENT.yml\"\n\n  if ! echo \"$FILES\" | grep -q \"$BASE_FILE\"; then\n    echo \"Base file $BASE_FILE not found in S3 bucket.\"\n    exit 1\n  fi\n\n  if ! echo \"$FILES\" | grep -q \"$ENV_FILE\"; then\n    echo \"Environment file $ENV_FILE not found in S3 bucket.\"\n    exit 1\n  fi\n\n  # Download the base file\n  echo \"Downloading $BASE_FILE...\"\n  aws s3 cp \"s3://$S3_BUCKET/$BASE_FILE\" \"./$BASE_FILE\" --region \"$AWS_REGION\"\n\n  # Download the environment-specific file\n  echo \"Downloading $ENV_FILE...\"\n  aws s3 cp \"s3://$S3_BUCKET/$ENV_FILE\" \"./$ENV_FILE\" --region \"$AWS_REGION\"\n}\n\nredeploy_if_changed() {\n  echo \"Checking for changes in Docker Compose files...\"\n  BASE_FILE=\"docker-compose-$MACHINE.yml\"\n  ENV_FILE=\"docker-compose-$MACHINE.$ENVIRONMENT.yml\"\n\n  # Temporary files for comparison\n  TMP_BASE_FILE=\"/tmp/$BASE_FILE\"\n  TMP_ENV_FILE=\"/tmp/$ENV_FILE\"\n\n  # Check if the files exist\n  if [ ! -f \"$BASE_FILE\" ] || [ ! -f \"$ENV_FILE\" ]; then\n    touch /tmp/$BASE_FILE\n    touch /tmp/$ENV_FILE\n  fi\n\n  # Calculate hashes and compare\n  if [ -f \"$TMP_BASE_FILE\" ] \u0026\u0026 [ -f \"$TMP_ENV_FILE\" ]; then\n    BASE_HASH_NEW=$(sha256sum \"$BASE_FILE\" | awk '{print $1}')\n    BASE_HASH_OLD=$(sha256sum \"$TMP_BASE_FILE\" | awk '{print $1}')\n    ENV_HASH_NEW=$(sha256sum \"$ENV_FILE\" | awk '{print $1}')\n    ENV_HASH_OLD=$(sha256sum \"$TMP_ENV_FILE\" | awk '{print $1}')\n\n    if [ \"$BASE_HASH_NEW\" == \"$BASE_HASH_OLD\" ] \u0026\u0026 [ \"$ENV_HASH_NEW\" == \"$ENV_HASH_OLD\" ]; then\n      echo \"No changes detected in Docker Compose files. Skipping redeploy.\"\n      return\n    fi\n  fi\n\n  # Got here? Re-deploy the service...\n\n  # but first, copy new files to /tmp for future comparison\n  cp \"$BASE_FILE\" \"$TMP_BASE_FILE\"\n  cp \"$ENV_FILE\" \"$TMP_ENV_FILE\"\n\n  echo \"Changes detected in Docker Compose files. Redeploying...\"\n  docker compose -f \"$BASE_FILE\" -f \"$ENV_FILE\" up -d # daemon mode\n}\n\nmain() {\n  login_to_github\n  pull_docker_compose_files\n  redeploy_if_changed\n}\n\nmain\nSCRIPT\n\n# Make the deploy.sh script executable\nchown admin:admin /home/admin/deploy.sh\nchmod +x /home/admin/deploy.sh\n\n\n\n# prepare mount point for postgres data volume\nmkdir -p /mnt/external\n\n# Check if volume is formatted; format only if needed (i.e. only format on first boot, not on reboots)\nif ! file -s /dev/xvdf | grep -q \"filesystem\"; then\n  mkfs -t ext4 /dev/xvdf\nfi\n\n# Add to fstab if not present (auto-mount on reboots)\ngrep -q \"/dev/xvdf\" /etc/fstab || echo \"/dev/xvdf /mnt/external ext4 defaults,nofail 0 2\" \u003e\u003e /etc/fstab\n\n# Now mount all:\nmount -a\n\n# internal user needs access to the /mnt/external area\nmkdir -p /mnt/external/postgresdata\nchown -R internal:internal /mnt/external\n",
            "user_data_base64": null,
            "user_data_replace_on_change": false,
            "volume_tags": null,
            "vpc_security_group_ids": [
              "sg-01ecf1c0062cb93ca",
              "sg-05a9ad363d89a282a",
              "sg-0ab5c8b170b9b6a77",
              "sg-0cff2452c164969bc"
            ]
          },
          "sensitive_attributes": [],
          "identity_schema_version": 0,
          "identity": {
            "account_id": "063088900305",
            "id": "i-06c1827f51425994a",
            "region": "us-east-1"
          },
          "private": "eyJlMmJmYjczMC1lY2FhLTExZTYtOGY4OC0zNDM2M2JjN2M0YzAiOnsiY3JlYXRlIjo2MDAwMDAwMDAwMDAsImRlbGV0ZSI6MTIwMDAwMDAwMDAwMCwicmVhZCI6OTAwMDAwMDAwMDAwLCJ1cGRhdGUiOjYwMDAwMDAwMDAwMH0sInNjaGVtYV92ZXJzaW9uIjoiMiJ9",
          "dependencies": [
            "module.shared.aws_iam_instance_profile.combined_instance_profile",
            "module.shared.aws_iam_role.combined_role",
            "module.shared.aws_security_group.allow_internal",
            "module.shared.aws_security_group.allow_ssh_from_public_subnet",
            "module.shared.aws_security_group.allow_web_egress",
            "module.shared.aws_security_group.allow_web_ingress",
            "module.shared.aws_subnet.private",
            "module.shared.aws_vpc.main"
          ]
        }
      ]
    },
    {
      "mode": "managed",
      "type": "aws_instance",
      "name": "monolith_dev",
      "provider": "provider[\"registry.terraform.io/hashicorp/aws\"]",
      "instances": [
        {
          "schema_version": 2,
          "attributes": {
            "ami": "ami-0f9c27b471bdcd702",
            "arn": "arn:aws:ec2:us-east-1:063088900305:instance/i-0aedb3e5ccd1375fb",
            "associate_public_ip_address": false,
            "availability_zone": "us-east-1a",
            "capacity_reservation_specification": [
              {
                "capacity_reservation_preference": "open",
                "capacity_reservation_target": []
              }
            ],
            "cpu_options": [
              {
                "amd_sev_snp": "",
                "core_count": 1,
                "threads_per_core": 2
              }
            ],
            "credit_specification": [
              {
                "cpu_credits": "unlimited"
              }
            ],
            "disable_api_stop": false,
            "disable_api_termination": false,
            "ebs_block_device": [],
            "ebs_optimized": false,
            "enable_primary_ipv6": null,
            "enclave_options": [
              {
                "enabled": false
              }
            ],
            "ephemeral_block_device": [],
            "force_destroy": false,
            "get_password_data": false,
            "hibernation": false,
            "host_id": "",
            "host_resource_group_arn": null,
            "iam_instance_profile": "dev-combined-instance-profile",
            "id": "i-0aedb3e5ccd1375fb",
            "instance_initiated_shutdown_behavior": "stop",
            "instance_lifecycle": "",
            "instance_market_options": [],
            "instance_state": "running",
            "instance_type": "t3.micro",
            "ipv6_address_count": 0,
            "ipv6_addresses": [],
            "key_name": "dev",
            "launch_template": [],
            "maintenance_options": [
              {
                "auto_recovery": "default"
              }
            ],
            "metadata_options": [
              {
                "http_endpoint": "enabled",
                "http_protocol_ipv6": "disabled",
                "http_put_response_hop_limit": 1,
                "http_tokens": "optional",
                "instance_metadata_tags": "disabled"
              }
            ],
            "monitoring": false,
            "network_interface": [],
            "outpost_arn": "",
            "password_data": "",
            "placement_group": "",
            "placement_group_id": "",
            "placement_partition_number": 0,
            "primary_network_interface": [
              {
                "delete_on_termination": true,
                "network_interface_id": "eni-00db65c2e96606094"
              }
            ],
            "primary_network_interface_id": "eni-00db65c2e96606094",
            "private_dns": "ip-10-0-1-11.ec2.internal",
            "private_dns_name_options": [
              {
                "enable_resource_name_dns_a_record": false,
                "enable_resource_name_dns_aaaa_record": false,
                "hostname_type": "ip-name"
              }
            ],
            "private_ip": "10.0.1.11",
            "public_dns": "",
            "public_ip": "",
            "region": "us-east-1",
            "root_block_device": [
              {
                "delete_on_termination": true,
                "device_name": "/dev/xvda",
                "encrypted": false,
                "iops": 3000,
                "kms_key_id": "",
                "tags": {},
                "tags_all": {},
                "throughput": 125,
                "volume_id": "vol-0ed8a02f4ff31fbf4",
                "volume_size": 8,
                "volume_type": "gp3"
              }
            ],
            "secondary_private_ips": [],
            "security_groups": [],
            "source_dest_check": true,
            "spot_instance_request_id": "",
            "subnet_id": "subnet-0c8ab07ec66ba4a84",
            "tags": {
              "Name": "dev.monolith"
            },
            "tags_all": {
              "Name": "dev.monolith"
            },
            "tenancy": "default",
            "timeouts": null,
            "user_data": "#!/bin/bash\n\nhostnamectl set-hostname monolith # script needs to know\n\n#!/bin/bash\n\nwait_for_machine_ready() {\n  local retries=10\n  local delay=10\n\n  for ((i=1; i\u003c=retries; i++)); do\n    echo \"Checking if the machine is ready (attempt $i)...\"\n    if curl -s --head http://example.com | grep \"200 OK\" \u003e /dev/null; then\n      echo \"Machine is ready.\"\n      return 0\n    fi\n\n    echo \"Machine not ready. Retrying in $delay seconds...\"\n    sleep \"$delay\"\n  done\n\n  echo \"Machine did not become ready after $((retries * delay)) seconds.\"\n  return 1\n}\n\n###\n# First, wait for the machine to be ready\n###\nwait_for_machine_ready || exit 1\n\nsudo apt-get update\nsudo apt-get install -y unzip jq\n\n# Enable automatic security updates\nsudo apt-get install -y unattended-upgrades\nsudo DEBIAN_FRONTEND=noninteractive dpkg-reconfigure -plow unattended-upgrades\n\n\n# fail2ban\nsudo apt-get install -y fail2ban\nsudo systemctl enable fail2ban\nsudo systemctl start fail2ban\nsudo systemctl status fail2ban\n\n\n#!/bin/bash\n\n# S3 cli (for pulling container images and configs):\nsudo apt install -y awscli\n\n# Docker\n# remove any conflicting packages:\nsudo apt remove $(dpkg --get-selections docker.io docker-compose docker-doc podman-docker containerd runc | cut -f1)\n\n# Add Docker's official GPG key:\nsudo apt update\nsudo apt install -y ca-certificates curl \nsudo install -m 0755 -d /etc/apt/keyrings\nsudo curl -fsSL https://download.docker.com/linux/debian/gpg -o /etc/apt/keyrings/docker.asc\nsudo chmod a+r /etc/apt/keyrings/docker.asc\n\n# Add the repository to Apt sources:\nsudo tee /etc/apt/sources.list.d/docker.sources \u003c\u003cDOCKER_EOF\nTypes: deb\nURIs: https://download.docker.com/linux/debian\nSuites: $(. /etc/os-release \u0026\u0026 echo \"$VERSION_CODENAME\")\nComponents: stable\nSigned-By: /etc/apt/keyrings/docker.asc\nDOCKER_EOF\n\nsudo apt-get update -y \u0026\u0026 sudo apt-get dist-upgrade -y\n\nsudo apt install -y docker-ce docker-ce-cli containerd.io docker-buildx-plugin docker-compose-plugin\n\nnewgrp docker # admin user must be in the docker group\n\nsudo systemctl start docker\nsudo systemctl enable docker\nsudo systemctl status docker\n\nsudo usermod -aG docker admin # N.B. 'admin' is the default user on AWS Debian AMIs\nsudo usermod -aG docker internal\nsudo systemctl restart docker\n\n\n\n\n\n\n\n#####\n# Devops: Create a deploy.sh script\n#####\ncat \u003c\u003c'SCRIPT' \u003e /home/admin/deploy.sh\n#!/bin/bash\n\n# Variables\nENVIRONMENT=\"dev\"\nAWS_REGION=\"us-east-1\"\nSECRET_NAME=\"read_ghcr\"\nMACHINE=$(hostname) # should be 'proxy', 'monolith', or 'data'\nS3_BUCKET=\"prismlabs-deployment\"\n\nlogin_to_github() {\n  echo \"Logging in to GitHub Container Registry...\"\n  GITHUB_PAT=$(aws ssm get-parameter --name \"$SECRET_NAME\" --with-decryption --region \"$AWS_REGION\" | jq \".Parameter.Value\" -r)\n  if [ -z \"$GITHUB_PAT\" ]; then\n    echo \"Failed to retrieve GitHub PAT from AWS Secrets Manager.\"\n    exit 1\n  fi\n  echo \"$GITHUB_PAT\" | docker login ghcr.io -u YOUR_GITHUB_USERNAME --password-stdin\n}\n\npull_docker_compose_files() {\n  echo \"Retrieving Docker Compose files from S3...\"\n  FILES=$(aws s3 ls \"s3://$S3_BUCKET\" --region \"$AWS_REGION\" | awk '{print $4}')\n\n  # Filter for the base file and the environment-specific file\n  BASE_FILE=\"docker-compose-$MACHINE.yml\"\n  ENV_FILE=\"docker-compose-$MACHINE.$ENVIRONMENT.yml\"\n\n  if ! echo \"$FILES\" | grep -q \"$BASE_FILE\"; then\n    echo \"Base file $BASE_FILE not found in S3 bucket.\"\n    exit 1\n  fi\n\n  if ! echo \"$FILES\" | grep -q \"$ENV_FILE\"; then\n    echo \"Environment file $ENV_FILE not found in S3 bucket.\"\n    exit 1\n  fi\n\n  # Download the base file\n  echo \"Downloading $BASE_FILE...\"\n  aws s3 cp \"s3://$S3_BUCKET/$BASE_FILE\" \"./$BASE_FILE\" --region \"$AWS_REGION\"\n\n  # Download the environment-specific file\n  echo \"Downloading $ENV_FILE...\"\n  aws s3 cp \"s3://$S3_BUCKET/$ENV_FILE\" \"./$ENV_FILE\" --region \"$AWS_REGION\"\n}\n\nredeploy_if_changed() {\n  echo \"Checking for changes in Docker Compose files...\"\n  BASE_FILE=\"docker-compose-$MACHINE.yml\"\n  ENV_FILE=\"docker-compose-$MACHINE.$ENVIRONMENT.yml\"\n\n  # Temporary files for comparison\n  TMP_BASE_FILE=\"/tmp/$BASE_FILE\"\n  TMP_ENV_FILE=\"/tmp/$ENV_FILE\"\n\n  # Check if the files exist\n  if [ ! -f \"$BASE_FILE\" ] || [ ! -f \"$ENV_FILE\" ]; then\n    touch /tmp/$BASE_FILE\n    touch /tmp/$ENV_FILE\n  fi\n\n  # Calculate hashes and compare\n  if [ -f \"$TMP_BASE_FILE\" ] \u0026\u0026 [ -f \"$TMP_ENV_FILE\" ]; then\n    BASE_HASH_NEW=$(sha256sum \"$BASE_FILE\" | awk '{print $1}')\n    BASE_HASH_OLD=$(sha256sum \"$TMP_BASE_FILE\" | awk '{print $1}')\n    ENV_HASH_NEW=$(sha256sum \"$ENV_FILE\" | awk '{print $1}')\n    ENV_HASH_OLD=$(sha256sum \"$TMP_ENV_FILE\" | awk '{print $1}')\n\n    if [ \"$BASE_HASH_NEW\" == \"$BASE_HASH_OLD\" ] \u0026\u0026 [ \"$ENV_HASH_NEW\" == \"$ENV_HASH_OLD\" ]; then\n      echo \"No changes detected in Docker Compose files. Skipping redeploy.\"\n      return\n    fi\n  fi\n\n  # Got here? Re-deploy the service...\n\n  # but first, copy new files to /tmp for future comparison\n  cp \"$BASE_FILE\" \"$TMP_BASE_FILE\"\n  cp \"$ENV_FILE\" \"$TMP_ENV_FILE\"\n\n  echo \"Changes detected in Docker Compose files. Redeploying...\"\n  docker compose -f \"$BASE_FILE\" -f \"$ENV_FILE\" up -d # daemon mode\n}\n\nmain() {\n  login_to_github\n  pull_docker_compose_files\n  redeploy_if_changed\n}\n\nmain\nSCRIPT\n\n# Make the deploy.sh script executable\nchown admin:admin /home/admin/deploy.sh\nchmod +x /home/admin/deploy.sh\n\n\n",
            "user_data_base64": null,
            "user_data_replace_on_change": false,
            "volume_tags": null,
            "vpc_security_group_ids": [
              "sg-01ecf1c0062cb93ca",
              "sg-05a9ad363d89a282a",
              "sg-0ab5c8b170b9b6a77",
              "sg-0cff2452c164969bc"
            ]
          },
          "sensitive_attributes": [],
          "identity_schema_version": 0,
          "identity": {
            "account_id": "063088900305",
            "id": "i-0aedb3e5ccd1375fb",
            "region": "us-east-1"
          },
          "private": "eyJlMmJmYjczMC1lY2FhLTExZTYtOGY4OC0zNDM2M2JjN2M0YzAiOnsiY3JlYXRlIjo2MDAwMDAwMDAwMDAsImRlbGV0ZSI6MTIwMDAwMDAwMDAwMCwicmVhZCI6OTAwMDAwMDAwMDAwLCJ1cGRhdGUiOjYwMDAwMDAwMDAwMH0sInNjaGVtYV92ZXJzaW9uIjoiMiJ9",
          "dependencies": [
            "module.shared.aws_iam_instance_profile.combined_instance_profile",
            "module.shared.aws_iam_role.combined_role",
            "module.shared.aws_security_group.allow_internal",
            "module.shared.aws_security_group.allow_ssh_from_public_subnet",
            "module.shared.aws_security_group.allow_web_egress",
            "module.shared.aws_security_group.allow_web_ingress",
            "module.shared.aws_subnet.private",
            "module.shared.aws_vpc.main"
          ]
        }
      ]
    },
    {
      "mode": "managed",
      "type": "aws_instance",
      "name": "proxy_dev",
      "provider": "provider[\"registry.terraform.io/hashicorp/aws\"]",
      "instances": [
        {
          "schema_version": 2,
          "attributes": {
            "ami": "ami-0f9c27b471bdcd702",
            "arn": "arn:aws:ec2:us-east-1:063088900305:instance/i-09c08f4097214a37b",
            "associate_public_ip_address": false,
            "availability_zone": "us-east-1a",
            "capacity_reservation_specification": [
              {
                "capacity_reservation_preference": "open",
                "capacity_reservation_target": []
              }
            ],
            "cpu_options": [
              {
                "amd_sev_snp": "",
                "core_count": 1,
                "threads_per_core": 2
              }
            ],
            "credit_specification": [
              {
                "cpu_credits": "unlimited"
              }
            ],
            "disable_api_stop": false,
            "disable_api_termination": false,
            "ebs_block_device": [],
            "ebs_optimized": false,
            "enable_primary_ipv6": null,
            "enclave_options": [
              {
                "enabled": false
              }
            ],
            "ephemeral_block_device": [],
            "force_destroy": false,
            "get_password_data": false,
            "hibernation": false,
            "host_id": "",
            "host_resource_group_arn": null,
            "iam_instance_profile": "dev-combined-instance-profile",
            "id": "i-09c08f4097214a37b",
            "instance_initiated_shutdown_behavior": "stop",
            "instance_lifecycle": "",
            "instance_market_options": [],
            "instance_state": "running",
            "instance_type": "t3.nano",
            "ipv6_address_count": 0,
            "ipv6_addresses": [],
            "key_name": "dev",
            "launch_template": [],
            "maintenance_options": [
              {
                "auto_recovery": "default"
              }
            ],
            "metadata_options": [
              {
                "http_endpoint": "enabled",
                "http_protocol_ipv6": "disabled",
                "http_put_response_hop_limit": 1,
                "http_tokens": "optional",
                "instance_metadata_tags": "disabled"
              }
            ],
            "monitoring": false,
            "network_interface": [],
            "outpost_arn": "",
            "password_data": "",
            "placement_group": "",
            "placement_group_id": "",
            "placement_partition_number": 0,
            "primary_network_interface": [
              {
                "delete_on_termination": true,
                "network_interface_id": "eni-0e146552c00d37b15"
              }
            ],
            "primary_network_interface_id": "eni-0e146552c00d37b15",
            "private_dns": "ip-10-0-1-10.ec2.internal",
            "private_dns_name_options": [
              {
                "enable_resource_name_dns_a_record": false,
                "enable_resource_name_dns_aaaa_record": false,
                "hostname_type": "ip-name"
              }
            ],
            "private_ip": "10.0.1.10",
            "public_dns": "",
            "public_ip": "",
            "region": "us-east-1",
            "root_block_device": [
              {
                "delete_on_termination": true,
                "device_name": "/dev/xvda",
                "encrypted": false,
                "iops": 3000,
                "kms_key_id": "",
                "tags": {},
                "tags_all": {},
                "throughput": 125,
                "volume_id": "vol-0e332d9289e284587",
                "volume_size": 8,
                "volume_type": "gp3"
              }
            ],
            "secondary_private_ips": [],
            "security_groups": [],
            "source_dest_check": true,
            "spot_instance_request_id": "",
            "subnet_id": "subnet-0c8ab07ec66ba4a84",
            "tags": {
              "Name": "dev.proxy"
            },
            "tags_all": {
              "Name": "dev.proxy"
            },
            "tenancy": "default",
            "timeouts": null,
            "user_data": "#!/bin/bash\n\nhostnamectl set-hostname proxy # script needs to know\n\n#!/bin/bash\n\nwait_for_machine_ready() {\n  local retries=10\n  local delay=10\n\n  for ((i=1; i\u003c=retries; i++)); do\n    echo \"Checking if the machine is ready (attempt $i)...\"\n    if curl -s --head http://example.com | grep \"200 OK\" \u003e /dev/null; then\n      echo \"Machine is ready.\"\n      return 0\n    fi\n\n    echo \"Machine not ready. Retrying in $delay seconds...\"\n    sleep \"$delay\"\n  done\n\n  echo \"Machine did not become ready after $((retries * delay)) seconds.\"\n  return 1\n}\n\n###\n# First, wait for the machine to be ready\n###\nwait_for_machine_ready || exit 1\n\nsudo apt-get update\nsudo apt-get install -y unzip jq\n\n# Enable automatic security updates\nsudo apt-get install -y unattended-upgrades\nsudo DEBIAN_FRONTEND=noninteractive dpkg-reconfigure -plow unattended-upgrades\n\n\n# fail2ban\nsudo apt-get install -y fail2ban\nsudo systemctl enable fail2ban\nsudo systemctl start fail2ban\nsudo systemctl status fail2ban\n\n\n#!/bin/bash\n\n# S3 cli (for pulling container images and configs):\nsudo apt install -y awscli\n\n# Docker\n# remove any conflicting packages:\nsudo apt remove $(dpkg --get-selections docker.io docker-compose docker-doc podman-docker containerd runc | cut -f1)\n\n# Add Docker's official GPG key:\nsudo apt update\nsudo apt install -y ca-certificates curl \nsudo install -m 0755 -d /etc/apt/keyrings\nsudo curl -fsSL https://download.docker.com/linux/debian/gpg -o /etc/apt/keyrings/docker.asc\nsudo chmod a+r /etc/apt/keyrings/docker.asc\n\n# Add the repository to Apt sources:\nsudo tee /etc/apt/sources.list.d/docker.sources \u003c\u003cDOCKER_EOF\nTypes: deb\nURIs: https://download.docker.com/linux/debian\nSuites: $(. /etc/os-release \u0026\u0026 echo \"$VERSION_CODENAME\")\nComponents: stable\nSigned-By: /etc/apt/keyrings/docker.asc\nDOCKER_EOF\n\nsudo apt-get update -y \u0026\u0026 sudo apt-get dist-upgrade -y\n\nsudo apt install -y docker-ce docker-ce-cli containerd.io docker-buildx-plugin docker-compose-plugin\n\nnewgrp docker # admin user must be in the docker group\n\nsudo systemctl start docker\nsudo systemctl enable docker\nsudo systemctl status docker\n\nsudo usermod -aG docker admin # N.B. 'admin' is the default user on AWS Debian AMIs\nsudo usermod -aG docker internal\nsudo systemctl restart docker\n\n\n\n\n\n\n\n#####\n# Devops: Create a deploy.sh script\n#####\ncat \u003c\u003c'SCRIPT' \u003e /home/admin/deploy.sh\n#!/bin/bash\n\n# Variables\nENVIRONMENT=\"dev\"\nAWS_REGION=\"us-east-1\"\nSECRET_NAME=\"read_ghcr\"\nMACHINE=$(hostname) # should be 'proxy', 'monolith', or 'data'\nS3_BUCKET=\"prismlabs-deployment\"\n\nlogin_to_github() {\n  echo \"Logging in to GitHub Container Registry...\"\n  GITHUB_PAT=$(aws ssm get-parameter --name \"$SECRET_NAME\" --with-decryption --region \"$AWS_REGION\" | jq \".Parameter.Value\" -r)\n  if [ -z \"$GITHUB_PAT\" ]; then\n    echo \"Failed to retrieve GitHub PAT from AWS Secrets Manager.\"\n    exit 1\n  fi\n  echo \"$GITHUB_PAT\" | docker login ghcr.io -u YOUR_GITHUB_USERNAME --password-stdin\n}\n\npull_docker_compose_files() {\n  echo \"Retrieving Docker Compose files from S3...\"\n  FILES=$(aws s3 ls \"s3://$S3_BUCKET\" --region \"$AWS_REGION\" | awk '{print $4}')\n\n  # Filter for the base file and the environment-specific file\n  BASE_FILE=\"docker-compose-$MACHINE.yml\"\n  ENV_FILE=\"docker-compose-$MACHINE.$ENVIRONMENT.yml\"\n\n  if ! echo \"$FILES\" | grep -q \"$BASE_FILE\"; then\n    echo \"Base file $BASE_FILE not found in S3 bucket.\"\n    exit 1\n  fi\n\n  if ! echo \"$FILES\" | grep -q \"$ENV_FILE\"; then\n    echo \"Environment file $ENV_FILE not found in S3 bucket.\"\n    exit 1\n  fi\n\n  # Download the base file\n  echo \"Downloading $BASE_FILE...\"\n  aws s3 cp \"s3://$S3_BUCKET/$BASE_FILE\" \"./$BASE_FILE\" --region \"$AWS_REGION\"\n\n  # Download the environment-specific file\n  echo \"Downloading $ENV_FILE...\"\n  aws s3 cp \"s3://$S3_BUCKET/$ENV_FILE\" \"./$ENV_FILE\" --region \"$AWS_REGION\"\n}\n\nredeploy_if_changed() {\n  echo \"Checking for changes in Docker Compose files...\"\n  BASE_FILE=\"docker-compose-$MACHINE.yml\"\n  ENV_FILE=\"docker-compose-$MACHINE.$ENVIRONMENT.yml\"\n\n  # Temporary files for comparison\n  TMP_BASE_FILE=\"/tmp/$BASE_FILE\"\n  TMP_ENV_FILE=\"/tmp/$ENV_FILE\"\n\n  # Check if the files exist\n  if [ ! -f \"$BASE_FILE\" ] || [ ! -f \"$ENV_FILE\" ]; then\n    touch /tmp/$BASE_FILE\n    touch /tmp/$ENV_FILE\n  fi\n\n  # Calculate hashes and compare\n  if [ -f \"$TMP_BASE_FILE\" ] \u0026\u0026 [ -f \"$TMP_ENV_FILE\" ]; then\n    BASE_HASH_NEW=$(sha256sum \"$BASE_FILE\" | awk '{print $1}')\n    BASE_HASH_OLD=$(sha256sum \"$TMP_BASE_FILE\" | awk '{print $1}')\n    ENV_HASH_NEW=$(sha256sum \"$ENV_FILE\" | awk '{print $1}')\n    ENV_HASH_OLD=$(sha256sum \"$TMP_ENV_FILE\" | awk '{print $1}')\n\n    if [ \"$BASE_HASH_NEW\" == \"$BASE_HASH_OLD\" ] \u0026\u0026 [ \"$ENV_HASH_NEW\" == \"$ENV_HASH_OLD\" ]; then\n      echo \"No changes detected in Docker Compose files. Skipping redeploy.\"\n      return\n    fi\n  fi\n\n  # Got here? Re-deploy the service...\n\n  # but first, copy new files to /tmp for future comparison\n  cp \"$BASE_FILE\" \"$TMP_BASE_FILE\"\n  cp \"$ENV_FILE\" \"$TMP_ENV_FILE\"\n\n  echo \"Changes detected in Docker Compose files. Redeploying...\"\n  docker compose -f \"$BASE_FILE\" -f \"$ENV_FILE\" up -d # daemon mode\n}\n\nmain() {\n  login_to_github\n  pull_docker_compose_files\n  redeploy_if_changed\n}\n\nmain\nSCRIPT\n\n# Make the deploy.sh script executable\nchown admin:admin /home/admin/deploy.sh\nchmod +x /home/admin/deploy.sh\n\n\n",
            "user_data_base64": null,
            "user_data_replace_on_change": false,
            "volume_tags": null,
            "vpc_security_group_ids": [
              "sg-01ecf1c0062cb93ca",
              "sg-05a9ad363d89a282a",
              "sg-0ab5c8b170b9b6a77",
              "sg-0cff2452c164969bc"
            ]
          },
          "sensitive_attributes": [],
          "identity_schema_version": 0,
          "identity": {
            "account_id": "063088900305",
            "id": "i-09c08f4097214a37b",
            "region": "us-east-1"
          },
          "private": "eyJlMmJmYjczMC1lY2FhLTExZTYtOGY4OC0zNDM2M2JjN2M0YzAiOnsiY3JlYXRlIjo2MDAwMDAwMDAwMDAsImRlbGV0ZSI6MTIwMDAwMDAwMDAwMCwicmVhZCI6OTAwMDAwMDAwMDAwLCJ1cGRhdGUiOjYwMDAwMDAwMDAwMH0sInNjaGVtYV92ZXJzaW9uIjoiMiJ9",
          "dependencies": [
            "module.shared.aws_iam_instance_profile.combined_instance_profile",
            "module.shared.aws_iam_role.combined_role",
            "module.shared.aws_security_group.allow_internal",
            "module.shared.aws_security_group.allow_ssh_from_public_subnet",
            "module.shared.aws_security_group.allow_web_egress",
            "module.shared.aws_security_group.allow_web_ingress",
            "module.shared.aws_subnet.private",
            "module.shared.aws_vpc.main"
          ]
        }
      ]
    },
    {
      "mode": "managed",
      "type": "aws_volume_attachment",
      "name": "data_dev_volume_attachment",
      "provider": "provider[\"registry.terraform.io/hashicorp/aws\"]",
      "instances": [
        {
          "schema_version": 0,
          "attributes": {
            "device_name": "/dev/xvdf",
            "force_detach": null,
            "id": "vai-1266426205",
            "instance_id": "i-06c1827f51425994a",
            "region": "us-east-1",
            "skip_destroy": null,
            "stop_instance_before_detaching": null,
            "timeouts": null,
            "volume_id": "vol-0d3a782bdfffc34aa"
          },
          "sensitive_attributes": [],
          "identity_schema_version": 0,
          "private": "eyJlMmJmYjczMC1lY2FhLTExZTYtOGY4OC0zNDM2M2JjN2M0YzAiOnsiY3JlYXRlIjozMDAwMDAwMDAwMDAsImRlbGV0ZSI6MzAwMDAwMDAwMDAwfX0=",
          "dependencies": [
            "aws_instance.data_dev",
            "module.shared.aws_iam_instance_profile.combined_instance_profile",
            "module.shared.aws_iam_role.combined_role",
            "module.shared.aws_security_group.allow_internal",
            "module.shared.aws_security_group.allow_ssh_from_public_subnet",
            "module.shared.aws_security_group.allow_web_egress",
            "module.shared.aws_security_group.allow_web_ingress",
            "module.shared.aws_subnet.private",
            "module.shared.aws_vpc.main"
          ]
        }
      ]
    },
    {
      "module": "module.shared",
      "mode": "managed",
      "type": "aws_eip",
      "name": "nat",
      "provider": "provider[\"registry.terraform.io/hashicorp/aws\"]",
      "instances": [
        {
          "schema_version": 0,
          "attributes": {
            "address": null,
            "allocation_id": "eipalloc-0bbb3f9bb20106a7b",
            "arn": "arn:aws:ec2:us-east-1:063088900305:elastic-ip/eipalloc-0bbb3f9bb20106a7b",
            "associate_with_private_ip": null,
            "association_id": "",
            "carrier_ip": "",
            "customer_owned_ip": "",
            "customer_owned_ipv4_pool": "",
            "domain": "vpc",
            "id": "eipalloc-0bbb3f9bb20106a7b",
            "instance": "",
            "ipam_pool_id": null,
            "network_border_group": "us-east-1",
            "network_interface": "",
            "private_dns": null,
            "private_ip": "",
            "ptr_record": "",
            "public_dns": "ec2-100-49-49-182.compute-1.amazonaws.com",
            "public_ip": "100.49.49.182",
            "public_ipv4_pool": "amazon",
            "region": "us-east-1",
            "tags": {
              "Name": "dev-nat"
            },
            "tags_all": {
              "Name": "dev-nat"
            },
            "timeouts": null
          },
          "sensitive_attributes": [],
          "identity_schema_version": 0,
          "private": "eyJlMmJmYjczMC1lY2FhLTExZTYtOGY4OC0zNDM2M2JjN2M0YzAiOnsiZGVsZXRlIjoxODAwMDAwMDAwMDAsInJlYWQiOjkwMDAwMDAwMDAwMCwidXBkYXRlIjozMDAwMDAwMDAwMDB9fQ=="
        }
      ]
    },
    {
      "module": "module.shared",
      "mode": "managed",
      "type": "aws_iam_instance_profile",
      "name": "combined_instance_profile",
      "provider": "provider[\"registry.terraform.io/hashicorp/aws\"]",
      "instances": [
        {
          "schema_version": 0,
          "attributes": {
            "arn": "arn:aws:iam::063088900305:instance-profile/dev-combined-instance-profile",
            "create_date": "2025-12-16T18:31:43Z",
            "id": "dev-combined-instance-profile",
            "name": "dev-combined-instance-profile",
            "name_prefix": "",
            "path": "/",
            "role": "dev-combined-role",
            "tags": null,
            "tags_all": {},
            "unique_id": "AIPAQ5MDEHDI2PVV5YJ5C"
          },
          "sensitive_attributes": [],
          "identity_schema_version": 0,
          "private": "bnVsbA==",
          "dependencies": [
            "module.shared.aws_iam_role.combined_role"
          ]
        }
      ]
    },
    {
      "module": "module.shared",
      "mode": "managed",
      "type": "aws_iam_policy",
      "name": "combined_policy",
      "provider": "provider[\"registry.terraform.io/hashicorp/aws\"]",
      "instances": [
        {
          "schema_version": 0,
          "attributes": {
            "arn": "arn:aws:iam::063088900305:policy/dev-combined-policy",
            "attachment_count": 0,
            "description": "Combined policy",
            "id": "arn:aws:iam::063088900305:policy/dev-combined-policy",
            "name": "dev-combined-policy",
            "name_prefix": "",
            "path": "/",
            "policy": "{\"Statement\":[{\"Action\":[\"s3:GetObject\",\"s3:ListBucket\"],\"Effect\":\"Allow\",\"Resource\":[\"arn:aws:s3:::prismlabs-deployment\",\"arn:aws:s3:::prismlabs-deployment/*\"]},{\"Action\":\"ssm:GetParameter\",\"Effect\":\"Allow\",\"Resource\":\"arn:aws:ssm:us-east-1:063088900305:parameter/read_ghcr\"}],\"Version\":\"2012-10-17\"}",
            "policy_id": "ANPAQ5MDEHDIW5EULV6NF",
            "tags": null,
            "tags_all": {}
          },
          "sensitive_attributes": [],
          "identity_schema_version": 0,
          "identity": {
            "arn": "arn:aws:iam::063088900305:policy/dev-combined-policy"
          },
          "private": "bnVsbA=="
        }
      ]
    },
    {
      "module": "module.shared",
      "mode": "managed",
      "type": "aws_iam_role",
      "name": "combined_role",
      "provider": "provider[\"registry.terraform.io/hashicorp/aws\"]",
      "instances": [
        {
          "schema_version": 0,
          "attributes": {
            "arn": "arn:aws:iam::063088900305:role/dev-combined-role",
            "assume_role_policy": "{\"Statement\":[{\"Action\":\"sts:AssumeRole\",\"Effect\":\"Allow\",\"Principal\":{\"Service\":\"ec2.amazonaws.com\"}}],\"Version\":\"2012-10-17\"}",
            "create_date": "2025-12-16T18:31:43Z",
            "description": "",
            "force_detach_policies": false,
            "id": "dev-combined-role",
            "inline_policy": [],
            "managed_policy_arns": [],
            "max_session_duration": 3600,
            "name": "dev-combined-role",
            "name_prefix": "",
            "path": "/",
            "permissions_boundary": "",
            "tags": null,
            "tags_all": {},
            "unique_id": "AROAQ5MDEHDIZMBYGEW2P"
          },
          "sensitive_attributes": [],
          "identity_schema_version": 0,
          "identity": {
            "account_id": "063088900305",
            "name": "dev-combined-role"
          },
          "private": "bnVsbA=="
        }
      ]
    },
    {
      "module": "module.shared",
      "mode": "managed",
      "type": "aws_iam_role_policy_attachment",
      "name": "combined_policy_attach",
      "provider": "provider[\"registry.terraform.io/hashicorp/aws\"]",
      "instances": [
        {
          "schema_version": 0,
          "attributes": {
            "id": "dev-combined-role/arn:aws:iam::063088900305:policy/dev-combined-policy",
            "policy_arn": "arn:aws:iam::063088900305:policy/dev-combined-policy",
            "role": "dev-combined-role"
          },
          "sensitive_attributes": [],
          "identity_schema_version": 0,
          "identity": {
            "account_id": "063088900305",
            "policy_arn": "arn:aws:iam::063088900305:policy/dev-combined-policy",
            "role": "dev-combined-role"
          },
          "private": "bnVsbA==",
          "dependencies": [
            "module.shared.aws_iam_policy.combined_policy",
            "module.shared.aws_iam_role.combined_role"
          ]
        }
      ]
    },
    {
      "module": "module.shared",
      "mode": "managed",
      "type": "aws_internet_gateway",
      "name": "main",
      "provider": "provider[\"registry.terraform.io/hashicorp/aws\"]",
      "instances": [
        {
          "schema_version": 0,
          "attributes": {
            "arn": "arn:aws:ec2:us-east-1:063088900305:internet-gateway/igw-02627435e2b221fe9",
            "id": "igw-02627435e2b221fe9",
            "owner_id": "063088900305",
            "region": "us-east-1",
            "tags": {
              "Name": "dev-igw"
            },
            "tags_all": {
              "Name": "dev-igw"
            },
            "timeouts": null,
            "vpc_id": "vpc-0954aafd7580ea027"
          },
          "sensitive_attributes": [],
          "identity_schema_version": 0,
          "private": "eyJlMmJmYjczMC1lY2FhLTExZTYtOGY4OC0zNDM2M2JjN2M0YzAiOnsiY3JlYXRlIjoxMjAwMDAwMDAwMDAwLCJkZWxldGUiOjEyMDAwMDAwMDAwMDAsInVwZGF0ZSI6MTIwMDAwMDAwMDAwMH19",
          "dependencies": [
            "module.shared.aws_vpc.main"
          ]
        }
      ]
    },
    {
      "module": "module.shared",
      "mode": "managed",
      "type": "aws_nat_gateway",
      "name": "nat",
      "provider": "provider[\"registry.terraform.io/hashicorp/aws\"]",
      "instances": [
        {
          "schema_version": 0,
          "attributes": {
            "allocation_id": "eipalloc-0bbb3f9bb20106a7b",
            "association_id": "eipassoc-0de032f1ad4abda02",
            "auto_provision_zones": null,
            "auto_scaling_ips": null,
            "availability_mode": "zonal",
            "availability_zone_address": [],
            "connectivity_type": "public",
            "id": "nat-04121aaa52e4dc48a",
            "network_interface_id": "eni-02b6cad8267f5c960",
            "private_ip": "10.0.0.252",
            "public_ip": "100.49.49.182",
            "region": "us-east-1",
            "regional_nat_gateway_address": [],
            "regional_nat_gateway_auto_mode": null,
            "route_table_id": null,
            "secondary_allocation_ids": [],
            "secondary_private_ip_address_count": 0,
            "secondary_private_ip_addresses": [],
            "subnet_id": "subnet-090cf0eb0859ec8f0",
            "tags": {
              "Name": "dev-nat"
            },
            "tags_all": {
              "Name": "dev-nat"
            },
            "timeouts": null,
            "vpc_id": "vpc-0954aafd7580ea027"
          },
          "sensitive_attributes": [],
          "identity_schema_version": 0,
          "private": "eyJlMmJmYjczMC1lY2FhLTExZTYtOGY4OC0zNDM2M2JjN2M0YzAiOnsiY3JlYXRlIjo2MDAwMDAwMDAwMDAsImRlbGV0ZSI6MTgwMDAwMDAwMDAwMCwidXBkYXRlIjo2MDAwMDAwMDAwMDB9fQ==",
          "dependencies": [
            "module.shared.aws_eip.nat",
            "module.shared.aws_subnet.public",
            "module.shared.aws_vpc.main"
          ]
        }
      ]
    },
    {
      "module": "module.shared",
      "mode": "managed",
      "type": "aws_route_table",
      "name": "private",
      "provider": "provider[\"registry.terraform.io/hashicorp/aws\"]",
      "instances": [
        {
          "schema_version": 0,
          "attributes": {
            "arn": "arn:aws:ec2:us-east-1:063088900305:route-table/rtb-03b3834e7f83056e2",
            "id": "rtb-03b3834e7f83056e2",
            "owner_id": "063088900305",
            "propagating_vgws": [],
            "region": "us-east-1",
            "route": [
              {
                "carrier_gateway_id": "",
                "cidr_block": "",
                "core_network_arn": "",
                "destination_prefix_list_id": "",
                "egress_only_gateway_id": "",
                "gateway_id": "igw-02627435e2b221fe9",
                "ipv6_cidr_block": "::/0",
                "local_gateway_id": "",
                "nat_gateway_id": "",
                "network_interface_id": "",
                "transit_gateway_id": "",
                "vpc_endpoint_id": "",
                "vpc_peering_connection_id": ""
              },
              {
                "carrier_gateway_id": "",
                "cidr_block": "0.0.0.0/0",
                "core_network_arn": "",
                "destination_prefix_list_id": "",
                "egress_only_gateway_id": "",
                "gateway_id": "",
                "ipv6_cidr_block": "",
                "local_gateway_id": "",
                "nat_gateway_id": "nat-04121aaa52e4dc48a",
                "network_interface_id": "",
                "transit_gateway_id": "",
                "vpc_endpoint_id": "",
                "vpc_peering_connection_id": ""
              }
            ],
            "tags": {
              "Name": "dev-private-rt"
            },
            "tags_all": {
              "Name": "dev-private-rt"
            },
            "timeouts": null,
            "vpc_id": "vpc-0954aafd7580ea027"
          },
          "sensitive_attributes": [],
          "identity_schema_version": 0,
          "identity": {
            "account_id": "063088900305",
            "id": "rtb-03b3834e7f83056e2",
            "region": "us-east-1"
          },
          "private": "eyJlMmJmYjczMC1lY2FhLTExZTYtOGY4OC0zNDM2M2JjN2M0YzAiOnsiY3JlYXRlIjozMDAwMDAwMDAwMDAsImRlbGV0ZSI6MzAwMDAwMDAwMDAwLCJ1cGRhdGUiOjEyMDAwMDAwMDAwMH19",
          "dependencies": [
            "module.shared.aws_eip.nat",
            "module.shared.aws_internet_gateway.main",
            "module.shared.aws_nat_gateway.nat",
            "module.shared.aws_subnet.public",
            "module.shared.aws_vpc.main"
          ]
        }
      ]
    },
    {
      "module": "module.shared",
      "mode": "managed",
      "type": "aws_route_table",
      "name": "public",
      "provider": "provider[\"registry.terraform.io/hashicorp/aws\"]",
      "instances": [
        {
          "schema_version": 0,
          "attributes": {
            "arn": "arn:aws:ec2:us-east-1:063088900305:route-table/rtb-04d4866f7994a9bec",
            "id": "rtb-04d4866f7994a9bec",
            "owner_id": "063088900305",
            "propagating_vgws": [],
            "region": "us-east-1",
            "route": [
              {
                "carrier_gateway_id": "",
                "cidr_block": "",
                "core_network_arn": "",
                "destination_prefix_list_id": "",
                "egress_only_gateway_id": "",
                "gateway_id": "igw-02627435e2b221fe9",
                "ipv6_cidr_block": "::/0",
                "local_gateway_id": "",
                "nat_gateway_id": "",
                "network_interface_id": "",
                "transit_gateway_id": "",
                "vpc_endpoint_id": "",
                "vpc_peering_connection_id": ""
              },
              {
                "carrier_gateway_id": "",
                "cidr_block": "0.0.0.0/0",
                "core_network_arn": "",
                "destination_prefix_list_id": "",
                "egress_only_gateway_id": "",
                "gateway_id": "igw-02627435e2b221fe9",
                "ipv6_cidr_block": "",
                "local_gateway_id": "",
                "nat_gateway_id": "",
                "network_interface_id": "",
                "transit_gateway_id": "",
                "vpc_endpoint_id": "",
                "vpc_peering_connection_id": ""
              }
            ],
            "tags": {
              "Name": "dev-public-rt"
            },
            "tags_all": {
              "Name": "dev-public-rt"
            },
            "timeouts": null,
            "vpc_id": "vpc-0954aafd7580ea027"
          },
          "sensitive_attributes": [],
          "identity_schema_version": 0,
          "identity": {
            "account_id": "063088900305",
            "id": "rtb-04d4866f7994a9bec",
            "region": "us-east-1"
          },
          "private": "eyJlMmJmYjczMC1lY2FhLTExZTYtOGY4OC0zNDM2M2JjN2M0YzAiOnsiY3JlYXRlIjozMDAwMDAwMDAwMDAsImRlbGV0ZSI6MzAwMDAwMDAwMDAwLCJ1cGRhdGUiOjEyMDAwMDAwMDAwMH19",
          "dependencies": [
            "module.shared.aws_internet_gateway.main",
            "module.shared.aws_vpc.main"
          ]
        }
      ]
    },
    {
      "module": "module.shared",
      "mode": "managed",
      "type": "aws_route_table_association",
      "name": "private",
      "provider": "provider[\"registry.terraform.io/hashicorp/aws\"]",
      "instances": [
        {
          "schema_version": 0,
          "attributes": {
            "gateway_id": "",
            "id": "rtbassoc-051d6cf87b2bbb38a",
            "region": "us-east-1",
            "route_table_id": "rtb-03b3834e7f83056e2",
            "subnet_id": "subnet-0c8ab07ec66ba4a84",
            "timeouts": null
          },
          "sensitive_attributes": [],
          "identity_schema_version": 0,
          "private": "eyJlMmJmYjczMC1lY2FhLTExZTYtOGY4OC0zNDM2M2JjN2M0YzAiOnsiY3JlYXRlIjozMDAwMDAwMDAwMDAsImRlbGV0ZSI6MzAwMDAwMDAwMDAwLCJ1cGRhdGUiOjEyMDAwMDAwMDAwMH19",
          "dependencies": [
            "module.shared.aws_eip.nat",
            "module.shared.aws_internet_gateway.main",
            "module.shared.aws_nat_gateway.nat",
            "module.shared.aws_route_table.private",
            "module.shared.aws_subnet.private",
            "module.shared.aws_subnet.public",
            "module.shared.aws_vpc.main"
          ]
        }
      ]
    },
    {
      "module": "module.shared",
      "mode": "managed",
      "type": "aws_route_table_association",
      "name": "public",
      "provider": "provider[\"registry.terraform.io/hashicorp/aws\"]",
      "instances": [
        {
          "schema_version": 0,
          "attributes": {
            "gateway_id": "",
            "id": "rtbassoc-0decc947a32ca431f",
            "region": "us-east-1",
            "route_table_id": "rtb-04d4866f7994a9bec",
            "subnet_id": "subnet-090cf0eb0859ec8f0",
            "timeouts": null
          },
          "sensitive_attributes": [],
          "identity_schema_version": 0,
          "private": "eyJlMmJmYjczMC1lY2FhLTExZTYtOGY4OC0zNDM2M2JjN2M0YzAiOnsiY3JlYXRlIjozMDAwMDAwMDAwMDAsImRlbGV0ZSI6MzAwMDAwMDAwMDAwLCJ1cGRhdGUiOjEyMDAwMDAwMDAwMH19",
          "dependencies": [
            "module.shared.aws_internet_gateway.main",
            "module.shared.aws_route_table.public",
            "module.shared.aws_subnet.public",
            "module.shared.aws_vpc.main"
          ]
        }
      ]
    },
    {
      "module": "module.shared",
      "mode": "managed",
      "type": "aws_security_group",
      "name": "allow_internal",
      "provider": "provider[\"registry.terraform.io/hashicorp/aws\"]",
      "instances": [
        {
          "schema_version": 1,
          "attributes": {
            "arn": "arn:aws:ec2:us-east-1:063088900305:security-group/sg-05a9ad363d89a282a",
            "description": "Allow internal traffic between instances",
            "egress": [
              {
                "cidr_blocks": [
                  "10.0.1.0/24"
                ],
                "description": "",
                "from_port": 0,
                "ipv6_cidr_blocks": [],
                "prefix_list_ids": [],
                "protocol": "-1",
                "security_groups": [],
                "self": false,
                "to_port": 0
              }
            ],
            "id": "sg-05a9ad363d89a282a",
            "ingress": [
              {
                "cidr_blocks": [
                  "10.0.1.0/24"
                ],
                "description": "",
                "from_port": 0,
                "ipv6_cidr_blocks": [],
                "prefix_list_ids": [],
                "protocol": "-1",
                "security_groups": [],
                "self": false,
                "to_port": 0
              }
            ],
            "name": "allow_internal",
            "name_prefix": "",
            "owner_id": "063088900305",
            "region": "us-east-1",
            "revoke_rules_on_delete": false,
            "tags": null,
            "tags_all": {},
            "timeouts": null,
            "vpc_id": "vpc-0954aafd7580ea027"
          },
          "sensitive_attributes": [],
          "identity_schema_version": 0,
          "identity": {
            "account_id": "063088900305",
            "id": "sg-05a9ad363d89a282a",
            "region": "us-east-1"
          },
          "private": "eyJlMmJmYjczMC1lY2FhLTExZTYtOGY4OC0zNDM2M2JjN2M0YzAiOnsiY3JlYXRlIjo2MDAwMDAwMDAwMDAsImRlbGV0ZSI6OTAwMDAwMDAwMDAwfSwic2NoZW1hX3ZlcnNpb24iOiIxIn0=",
          "dependencies": [
            "module.shared.aws_vpc.main"
          ]
        }
      ]
    },
    {
      "module": "module.shared",
      "mode": "managed",
      "type": "aws_security_group",
      "name": "allow_ssh_from_public_subnet",
      "provider": "provider[\"registry.terraform.io/hashicorp/aws\"]",
      "instances": [
        {
          "schema_version": 1,
          "attributes": {
            "arn": "arn:aws:ec2:us-east-1:063088900305:security-group/sg-01ecf1c0062cb93ca",
            "description": "Allow ssh traffic from the public subnet",
            "egress": [],
            "id": "sg-01ecf1c0062cb93ca",
            "ingress": [
              {
                "cidr_blocks": [
                  "10.0.0.0/24"
                ],
                "description": "",
                "from_port": 22,
                "ipv6_cidr_blocks": [],
                "prefix_list_ids": [],
                "protocol": "tcp",
                "security_groups": [],
                "self": false,
                "to_port": 22
              }
            ],
            "name": "allow_ssh_from_public_subnet",
            "name_prefix": "",
            "owner_id": "063088900305",
            "region": "us-east-1",
            "revoke_rules_on_delete": false,
            "tags": null,
            "tags_all": {},
            "timeouts": null,
            "vpc_id": "vpc-0954aafd7580ea027"
          },
          "sensitive_attributes": [],
          "identity_schema_version": 0,
          "identity": {
            "account_id": "063088900305",
            "id": "sg-01ecf1c0062cb93ca",
            "region": "us-east-1"
          },
          "private": "eyJlMmJmYjczMC1lY2FhLTExZTYtOGY4OC0zNDM2M2JjN2M0YzAiOnsiY3JlYXRlIjo2MDAwMDAwMDAwMDAsImRlbGV0ZSI6OTAwMDAwMDAwMDAwfSwic2NoZW1hX3ZlcnNpb24iOiIxIn0=",
          "dependencies": [
            "module.shared.aws_vpc.main"
          ]
        }
      ]
    },
    {
      "module": "module.shared",
      "mode": "managed",
      "type": "aws_security_group",
      "name": "allow_ssh_ingress",
      "provider": "provider[\"registry.terraform.io/hashicorp/aws\"]",
      "instances": [
        {
          "schema_version": 1,
          "attributes": {
            "arn": "arn:aws:ec2:us-east-1:063088900305:security-group/sg-0ab36014878a34acd",
            "description": "Security group allowing SSH (port 22) ingress for IPv4",
            "egress": [],
            "id": "sg-0ab36014878a34acd",
            "ingress": [
              {
                "cidr_blocks": [
                  "0.0.0.0/0"
                ],
                "description": "Allow inbound SSH traffic",
                "from_port": 22,
                "ipv6_cidr_blocks": [],
                "prefix_list_ids": [],
                "protocol": "tcp",
                "security_groups": [],
                "self": false,
                "to_port": 22
              },
              {
                "cidr_blocks": [],
                "description": "Allow inbound SSH traffic ipv6",
                "from_port": 22,
                "ipv6_cidr_blocks": [
                  "::/0"
                ],
                "prefix_list_ids": [],
                "protocol": "tcp",
                "security_groups": [],
                "self": false,
                "to_port": 22
              }
            ],
            "name": "allow_ssh_ingress",
            "name_prefix": "",
            "owner_id": "063088900305",
            "region": "us-east-1",
            "revoke_rules_on_delete": false,
            "tags": null,
            "tags_all": {},
            "timeouts": null,
            "vpc_id": "vpc-0954aafd7580ea027"
          },
          "sensitive_attributes": [],
          "identity_schema_version": 0,
          "identity": {
            "account_id": "063088900305",
            "id": "sg-0ab36014878a34acd",
            "region": "us-east-1"
          },
          "private": "eyJlMmJmYjczMC1lY2FhLTExZTYtOGY4OC0zNDM2M2JjN2M0YzAiOnsiY3JlYXRlIjo2MDAwMDAwMDAwMDAsImRlbGV0ZSI6OTAwMDAwMDAwMDAwfSwic2NoZW1hX3ZlcnNpb24iOiIxIn0=",
          "dependencies": [
            "module.shared.aws_vpc.main"
          ]
        }
      ]
    },
    {
      "module": "module.shared",
      "mode": "managed",
      "type": "aws_security_group",
      "name": "allow_web_egress",
      "provider": "provider[\"registry.terraform.io/hashicorp/aws\"]",
      "instances": [
        {
          "schema_version": 1,
          "attributes": {
            "arn": "arn:aws:ec2:us-east-1:063088900305:security-group/sg-0cff2452c164969bc",
            "description": "Managed by Terraform",
            "egress": [
              {
                "cidr_blocks": [
                  "0.0.0.0/0"
                ],
                "description": "Allow IPv4 outbound traffic on port 443",
                "from_port": 443,
                "ipv6_cidr_blocks": [],
                "prefix_list_ids": [],
                "protocol": "tcp",
                "security_groups": [],
                "self": false,
                "to_port": 443
              },
              {
                "cidr_blocks": [
                  "0.0.0.0/0"
                ],
                "description": "Allow IPv4 outbound traffic on port 80",
                "from_port": 80,
                "ipv6_cidr_blocks": [],
                "prefix_list_ids": [],
                "protocol": "tcp",
                "security_groups": [],
                "self": false,
                "to_port": 80
              },
              {
                "cidr_blocks": [],
                "description": "Allow all IPv6 outbound traffic on port 443",
                "from_port": 443,
                "ipv6_cidr_blocks": [
                  "::/0"
                ],
                "prefix_list_ids": [],
                "protocol": "tcp",
                "security_groups": [],
                "self": false,
                "to_port": 443
              },
              {
                "cidr_blocks": [],
                "description": "Allow all IPv6 outbound traffic on port 80",
                "from_port": 80,
                "ipv6_cidr_blocks": [
                  "::/0"
                ],
                "prefix_list_ids": [],
                "protocol": "tcp",
                "security_groups": [],
                "self": false,
                "to_port": 80
              }
            ],
            "id": "sg-0cff2452c164969bc",
            "ingress": [],
            "name": "allow_web_egress",
            "name_prefix": "",
            "owner_id": "063088900305",
            "region": "us-east-1",
            "revoke_rules_on_delete": false,
            "tags": null,
            "tags_all": {},
            "timeouts": null,
            "vpc_id": "vpc-0954aafd7580ea027"
          },
          "sensitive_attributes": [],
          "identity_schema_version": 0,
          "identity": {
            "account_id": "063088900305",
            "id": "sg-0cff2452c164969bc",
            "region": "us-east-1"
          },
          "private": "eyJlMmJmYjczMC1lY2FhLTExZTYtOGY4OC0zNDM2M2JjN2M0YzAiOnsiY3JlYXRlIjo2MDAwMDAwMDAwMDAsImRlbGV0ZSI6OTAwMDAwMDAwMDAwfSwic2NoZW1hX3ZlcnNpb24iOiIxIn0=",
          "dependencies": [
            "module.shared.aws_vpc.main"
          ]
        }
      ]
    },
    {
      "module": "module.shared",
      "mode": "managed",
      "type": "aws_security_group",
      "name": "allow_web_ingress",
      "provider": "provider[\"registry.terraform.io/hashicorp/aws\"]",
      "instances": [
        {
          "schema_version": 1,
          "attributes": {
            "arn": "arn:aws:ec2:us-east-1:063088900305:security-group/sg-0ab5c8b170b9b6a77",
            "description": "Security group allowing HTTP (port 80) and HTTPS (port 443) ingress for IPv4 and IPv6",
            "egress": [],
            "id": "sg-0ab5c8b170b9b6a77",
            "ingress": [
              {
                "cidr_blocks": [
                  "0.0.0.0/0"
                ],
                "description": "Allow inbound HTTP traffic",
                "from_port": 80,
                "ipv6_cidr_blocks": [],
                "prefix_list_ids": [],
                "protocol": "tcp",
                "security_groups": [],
                "self": false,
                "to_port": 80
              },
              {
                "cidr_blocks": [
                  "0.0.0.0/0"
                ],
                "description": "Allow inbound HTTPS traffic",
                "from_port": 443,
                "ipv6_cidr_blocks": [],
                "prefix_list_ids": [],
                "protocol": "tcp",
                "security_groups": [],
                "self": false,
                "to_port": 443
              },
              {
                "cidr_blocks": [],
                "description": "Allow inbound HTTP traffic ipv6",
                "from_port": 80,
                "ipv6_cidr_blocks": [
                  "::/0"
                ],
                "prefix_list_ids": [],
                "protocol": "tcp",
                "security_groups": [],
                "self": false,
                "to_port": 80
              },
              {
                "cidr_blocks": [],
                "description": "Allow inbound HTTPS traffic ipv6",
                "from_port": 443,
                "ipv6_cidr_blocks": [
                  "::/0"
                ],
                "prefix_list_ids": [],
                "protocol": "tcp",
                "security_groups": [],
                "self": false,
                "to_port": 443
              }
            ],
            "name": "allow_web_ingress",
            "name_prefix": "",
            "owner_id": "063088900305",
            "region": "us-east-1",
            "revoke_rules_on_delete": false,
            "tags": null,
            "tags_all": {},
            "timeouts": null,
            "vpc_id": "vpc-0954aafd7580ea027"
          },
          "sensitive_attributes": [],
          "identity_schema_version": 0,
          "identity": {
            "account_id": "063088900305",
            "id": "sg-0ab5c8b170b9b6a77",
            "region": "us-east-1"
          },
          "private": "eyJlMmJmYjczMC1lY2FhLTExZTYtOGY4OC0zNDM2M2JjN2M0YzAiOnsiY3JlYXRlIjo2MDAwMDAwMDAwMDAsImRlbGV0ZSI6OTAwMDAwMDAwMDAwfSwic2NoZW1hX3ZlcnNpb24iOiIxIn0=",
          "dependencies": [
            "module.shared.aws_vpc.main"
          ]
        }
      ]
    },
    {
      "module": "module.shared",
      "mode": "managed",
      "type": "aws_subnet",
      "name": "private",
      "provider": "provider[\"registry.terraform.io/hashicorp/aws\"]",
      "instances": [
        {
          "schema_version": 1,
          "attributes": {
            "arn": "arn:aws:ec2:us-east-1:063088900305:subnet/subnet-0c8ab07ec66ba4a84",
            "assign_ipv6_address_on_creation": false,
            "availability_zone": "us-east-1a",
            "availability_zone_id": "use1-az1",
            "cidr_block": "10.0.1.0/24",
            "customer_owned_ipv4_pool": "",
            "enable_dns64": false,
            "enable_lni_at_device_index": 0,
            "enable_resource_name_dns_a_record_on_launch": false,
            "enable_resource_name_dns_aaaa_record_on_launch": false,
            "id": "subnet-0c8ab07ec66ba4a84",
            "ipv6_cidr_block": "2600:1f18:2c03:2501::/64",
            "ipv6_cidr_block_association_id": "subnet-cidr-assoc-01e359895988ec3ff",
            "ipv6_native": false,
            "map_customer_owned_ip_on_launch": false,
            "map_public_ip_on_launch": false,
            "outpost_arn": "",
            "owner_id": "063088900305",
            "private_dns_hostname_type_on_launch": "ip-name",
            "region": "us-east-1",
            "tags": {
              "Name": "dev-private-subnet"
            },
            "tags_all": {
              "Name": "dev-private-subnet"
            },
            "timeouts": null,
            "vpc_id": "vpc-0954aafd7580ea027"
          },
          "sensitive_attributes": [],
          "identity_schema_version": 0,
          "identity": {
            "account_id": "063088900305",
            "id": "subnet-0c8ab07ec66ba4a84",
            "region": "us-east-1"
          },
          "private": "eyJlMmJmYjczMC1lY2FhLTExZTYtOGY4OC0zNDM2M2JjN2M0YzAiOnsiY3JlYXRlIjo2MDAwMDAwMDAwMDAsImRlbGV0ZSI6MTIwMDAwMDAwMDAwMH0sInNjaGVtYV92ZXJzaW9uIjoiMSJ9",
          "dependencies": [
            "module.shared.aws_vpc.main"
          ]
        }
      ]
    },
    {
      "module": "module.shared",
      "mode": "managed",
      "type": "aws_subnet",
      "name": "public",
      "provider": "provider[\"registry.terraform.io/hashicorp/aws\"]",
      "instances": [
        {
          "schema_version": 1,
          "attributes": {
            "arn": "arn:aws:ec2:us-east-1:063088900305:subnet/subnet-090cf0eb0859ec8f0",
            "assign_ipv6_address_on_creation": false,
            "availability_zone": "us-east-1a",
            "availability_zone_id": "use1-az1",
            "cidr_block": "10.0.0.0/24",
            "customer_owned_ipv4_pool": "",
            "enable_dns64": false,
            "enable_lni_at_device_index": 0,
            "enable_resource_name_dns_a_record_on_launch": false,
            "enable_resource_name_dns_aaaa_record_on_launch": false,
            "id": "subnet-090cf0eb0859ec8f0",
            "ipv6_cidr_block": "2600:1f18:2c03:2500::/64",
            "ipv6_cidr_block_association_id": "subnet-cidr-assoc-006bf548322315034",
            "ipv6_native": false,
            "map_customer_owned_ip_on_launch": false,
            "map_public_ip_on_launch": true,
            "outpost_arn": "",
            "owner_id": "063088900305",
            "private_dns_hostname_type_on_launch": "ip-name",
            "region": "us-east-1",
            "tags": {
              "Name": "dev-public-subnet"
            },
            "tags_all": {
              "Name": "dev-public-subnet"
            },
            "timeouts": null,
            "vpc_id": "vpc-0954aafd7580ea027"
          },
          "sensitive_attributes": [],
          "identity_schema_version": 0,
          "identity": {
            "account_id": "063088900305",
            "id": "subnet-090cf0eb0859ec8f0",
            "region": "us-east-1"
          },
          "private": "eyJlMmJmYjczMC1lY2FhLTExZTYtOGY4OC0zNDM2M2JjN2M0YzAiOnsiY3JlYXRlIjo2MDAwMDAwMDAwMDAsImRlbGV0ZSI6MTIwMDAwMDAwMDAwMH0sInNjaGVtYV92ZXJzaW9uIjoiMSJ9",
          "dependencies": [
            "module.shared.aws_vpc.main"
          ]
        }
      ]
    },
    {
      "module": "module.shared",
      "mode": "managed",
      "type": "aws_vpc",
      "name": "main",
      "provider": "provider[\"registry.terraform.io/hashicorp/aws\"]",
      "instances": [
        {
          "schema_version": 1,
          "attributes": {
            "arn": "arn:aws:ec2:us-east-1:063088900305:vpc/vpc-0954aafd7580ea027",
            "assign_generated_ipv6_cidr_block": true,
            "cidr_block": "10.0.0.0/16",
            "default_network_acl_id": "acl-057322a8b7b5b76fc",
            "default_route_table_id": "rtb-07db862d509a0405e",
            "default_security_group_id": "sg-023184fd259590edb",
            "dhcp_options_id": "dopt-0a988aefe35147b85",
            "enable_dns_hostnames": true,
            "enable_dns_support": true,
            "enable_network_address_usage_metrics": false,
            "id": "vpc-0954aafd7580ea027",
            "instance_tenancy": "default",
            "ipv4_ipam_pool_id": null,
            "ipv4_netmask_length": null,
            "ipv6_association_id": "vpc-cidr-assoc-0b29b29378a73d4c1",
            "ipv6_cidr_block": "2600:1f18:2c03:2500::/56",
            "ipv6_cidr_block_network_border_group": "us-east-1",
            "ipv6_ipam_pool_id": "",
            "ipv6_netmask_length": 0,
            "main_route_table_id": "rtb-07db862d509a0405e",
            "owner_id": "063088900305",
            "region": "us-east-1",
            "tags": {
              "Name": "dev-vpc"
            },
            "tags_all": {
              "Name": "dev-vpc"
            }
          },
          "sensitive_attributes": [],
          "identity_schema_version": 0,
          "identity": {
            "account_id": "063088900305",
            "id": "vpc-0954aafd7580ea027",
            "region": "us-east-1"
          },
          "private": "eyJzY2hlbWFfdmVyc2lvbiI6IjEifQ=="
        }
      ]
    }
  ],
  "check_results": null
}
