{
  "version": 4,
  "terraform_version": "1.14.1",
  "serial": 212,
  "lineage": "b6fdcee6-02f5-cbf0-7d6b-4e88e2c06005",
  "outputs": {
    "bastion_dev_private_dns": {
      "value": "ip-10-0-1-249.ec2.internal",
      "type": "string"
    },
    "bastion_dev_public_dns": {
      "value": "",
      "type": "string"
    },
    "data_dev_private_dns": {
      "value": "ip-10-0-1-12.ec2.internal",
      "type": "string"
    },
    "data_dev_public_dns": {
      "value": "",
      "type": "string"
    },
    "monolith_dev_private_dns": {
      "value": "ip-10-0-1-11.ec2.internal",
      "type": "string"
    },
    "monolith_dev_public_dns": {
      "value": "",
      "type": "string"
    },
    "proxy_dev_private_dns": {
      "value": "ip-10-0-1-10.ec2.internal",
      "type": "string"
    },
    "proxy_dev_public_dns": {
      "value": "",
      "type": "string"
    }
  },
  "resources": [
    {
      "mode": "managed",
      "type": "aws_eip_association",
      "name": "proxy_dev_eip_assoc",
      "provider": "provider[\"registry.terraform.io/hashicorp/aws\"]",
      "instances": [
        {
          "schema_version": 0,
          "attributes": {
            "allocation_id": "eipalloc-0a06fd4140fafdd3c",
            "allow_reassociation": null,
            "id": "eipassoc-0d25957be76e9836f",
            "instance_id": "i-074f9cfc639e8b551",
            "network_interface_id": "eni-088bdea3297fff38b",
            "private_ip_address": "10.0.1.10",
            "public_ip": "54.210.115.180",
            "region": "us-east-1"
          },
          "sensitive_attributes": [],
          "identity_schema_version": 0,
          "private": "bnVsbA==",
          "dependencies": [
            "aws_instance.proxy_dev",
            "module.security_groups.aws_security_group.allow_internal",
            "module.security_groups.aws_security_group.closed_network",
            "module.security_groups.aws_security_group.web_traffic",
            "module.security_groups.aws_subnet.main",
            "module.security_groups.aws_vpc.main"
          ]
        }
      ]
    },
    {
      "mode": "managed",
      "type": "aws_instance",
      "name": "bastion_dev",
      "provider": "provider[\"registry.terraform.io/hashicorp/aws\"]",
      "instances": [
        {
          "schema_version": 2,
          "attributes": {
            "ami": "ami-0f9c27b471bdcd702",
            "arn": "arn:aws:ec2:us-east-1:063088900305:instance/i-030e16dddf459610d",
            "associate_public_ip_address": false,
            "availability_zone": "us-east-1a",
            "capacity_reservation_specification": [
              {
                "capacity_reservation_preference": "open",
                "capacity_reservation_target": []
              }
            ],
            "cpu_options": [
              {
                "amd_sev_snp": "",
                "core_count": 1,
                "threads_per_core": 2
              }
            ],
            "credit_specification": [
              {
                "cpu_credits": "unlimited"
              }
            ],
            "disable_api_stop": false,
            "disable_api_termination": false,
            "ebs_block_device": [],
            "ebs_optimized": false,
            "enable_primary_ipv6": null,
            "enclave_options": [
              {
                "enabled": false
              }
            ],
            "ephemeral_block_device": [],
            "force_destroy": false,
            "get_password_data": false,
            "hibernation": false,
            "host_id": "",
            "host_resource_group_arn": null,
            "iam_instance_profile": "",
            "id": "i-030e16dddf459610d",
            "instance_initiated_shutdown_behavior": "stop",
            "instance_lifecycle": "",
            "instance_market_options": [],
            "instance_state": "running",
            "instance_type": "t3.nano",
            "ipv6_address_count": 0,
            "ipv6_addresses": [],
            "key_name": "dev",
            "launch_template": [],
            "maintenance_options": [
              {
                "auto_recovery": "default"
              }
            ],
            "metadata_options": [
              {
                "http_endpoint": "enabled",
                "http_protocol_ipv6": "disabled",
                "http_put_response_hop_limit": 1,
                "http_tokens": "optional",
                "instance_metadata_tags": "disabled"
              }
            ],
            "monitoring": false,
            "network_interface": [],
            "outpost_arn": "",
            "password_data": "",
            "placement_group": "",
            "placement_group_id": "",
            "placement_partition_number": 0,
            "primary_network_interface": [
              {
                "delete_on_termination": true,
                "network_interface_id": "eni-0d6a2863079127598"
              }
            ],
            "primary_network_interface_id": "eni-0d6a2863079127598",
            "private_dns": "ip-10-0-1-249.ec2.internal",
            "private_dns_name_options": [
              {
                "enable_resource_name_dns_a_record": false,
                "enable_resource_name_dns_aaaa_record": false,
                "hostname_type": "ip-name"
              }
            ],
            "private_ip": "10.0.1.249",
            "public_dns": "",
            "public_ip": "",
            "region": "us-east-1",
            "root_block_device": [
              {
                "delete_on_termination": true,
                "device_name": "/dev/xvda",
                "encrypted": false,
                "iops": 3000,
                "kms_key_id": "",
                "tags": {},
                "tags_all": {},
                "throughput": 125,
                "volume_id": "vol-091a95c93ada7dec3",
                "volume_size": 8,
                "volume_type": "gp3"
              }
            ],
            "secondary_private_ips": [],
            "security_groups": [],
            "source_dest_check": true,
            "spot_instance_request_id": "",
            "subnet_id": "subnet-068dc3d5449172e94",
            "tags": {
              "Name": "dev.bastion"
            },
            "tags_all": {
              "Name": "dev.bastion"
            },
            "tenancy": "default",
            "timeouts": null,
            "user_data": "#!/bin/bash\nsudo apt-get update -y \u0026\u0026 sudo apt-get dist-upgrade -y\n\n# Enable automatic security updates\nsudo apt-get install -y unattended-upgrades\nsudo dpkg-reconfigure -plow unattended-upgrades\n\n# create non-root bastion user\nuseradd -m -s /bin/bash bastion\n\n# give bastion sudo privileges without password (optional)\nusermod -aG sudo bastion\n\n# setup SSH directory\nmkdir -p /home/bastion/.ssh\nchown bastion:bastion /home/bastion/.ssh\nchmod 700 /home/bastion/.ssh\n\n# remove any existing authorized_keys for default user\nrm -f /home/ubuntu/.ssh/authorized_keys\nrm -f /home/ec2-user/.ssh/authorized_keys\n\n# copy a non-privileged public key\necho \"ssh-rsa AAAAB3NzaC1yc2EAAAADAQABAAACAQDS4Y4saImPHrW8GwlgArdpiTRXUjgNZyR8WgUUa8mnOMscSEuw9qfzKHbzCNOwBpvkajJAmogInYPGyVqZB64+i0ZGUKW4q6onyhlO3ZuwyEKVHW30ZjQuon526U6PmcvtfB7rsgzw8IXUPGLyK6J7cBsvjMWdcniIIpJ/4AGbD/xD19mODs8FAq6TL+O/XFLDHJ4woCsz3dqtmY4I2/En0JW5S6cLIuueYMHlrnWYz5vTI8ruXMgXOCY8ghtZb+vwbV43SlUtRhj50yEU+cnYf7O0dFZSOUlxYwn3Xv/QjDcIRnW137ewxVYXP54Q46NhHU4HSiG3Ns4Tzzt33i/yKO/R1/52MUEzyPk/6njQmHh7R/zqOShuXEPLlIRl4qW0lk02W9ufQTigTBMrnmpESPE2KU/lyywf2BJCjwxZUYIVGZy6zMcrSoYKzQ8v4kyIeTyRTxKGTSOszfmCBdwJF3Q2S2PoNFuqo23y4O5myBxdAMgFO/QQNRmENpGoNk9ih6DVp59wsgm9enxDntCU7rsT1nR69npDEFyFZ0Jj4zssu9RFaDrzPlp+lJ7aB8xymR7RqtM9ATq4/0mQg6LF0oZ82vOAKr/3R2e+3inGZdCwc+EZSxpoKfDUg8QVyqgYUm49dfbSjodpzhcKQvHbA7EPLViEJ/+ZdPUfn/nmnQ==\" \u003e /home/bastion/.ssh/authorized_keys\nchown bastion:bastion /home/bastion/.ssh/authorized_keys\nchmod 600 /home/bastion/.ssh/authorized_keys\n\n# fail2ban\nsudo apt-get install -y fail2ban\nsudo systemctl enable fail2ban\nsudo systemctl start fail2ban\nsudo systemctl status fail2ban\n\n# harden SSH\nsed -i 's/^PermitRootLogin.*/PermitRootLogin no/' /etc/ssh/sshd_config\nsed -i 's/^PasswordAuthentication.*/PasswordAuthentication no/' /etc/ssh/sshd_config\nsed -i 's/^ChallengeResponseAuthentication.*/ChallengeResponseAuthentication no/' /etc/ssh/sshd_config\n\n# restart SSH service\nsystemctl restart ssh\n\n",
            "user_data_base64": null,
            "user_data_replace_on_change": false,
            "volume_tags": null,
            "vpc_security_group_ids": [
              "sg-005ec9a69e9b27558",
              "sg-00fc480e5f337fe21",
              "sg-01ccfb20aedcc5bff"
            ]
          },
          "sensitive_attributes": [],
          "identity_schema_version": 0,
          "identity": {
            "account_id": "063088900305",
            "id": "i-030e16dddf459610d",
            "region": "us-east-1"
          },
          "private": "eyJlMmJmYjczMC1lY2FhLTExZTYtOGY4OC0zNDM2M2JjN2M0YzAiOnsiY3JlYXRlIjo2MDAwMDAwMDAwMDAsImRlbGV0ZSI6MTIwMDAwMDAwMDAwMCwicmVhZCI6OTAwMDAwMDAwMDAwLCJ1cGRhdGUiOjYwMDAwMDAwMDAwMH0sInNjaGVtYV92ZXJzaW9uIjoiMiJ9",
          "dependencies": [
            "module.security_groups.aws_security_group.allow_internal",
            "module.security_groups.aws_security_group.closed_network",
            "module.security_groups.aws_security_group.ssh",
            "module.security_groups.aws_subnet.main",
            "module.security_groups.aws_vpc.main"
          ]
        }
      ]
    },
    {
      "mode": "managed",
      "type": "aws_instance",
      "name": "data_dev",
      "provider": "provider[\"registry.terraform.io/hashicorp/aws\"]",
      "instances": [
        {
          "schema_version": 2,
          "attributes": {
            "ami": "ami-0f9c27b471bdcd702",
            "arn": "arn:aws:ec2:us-east-1:063088900305:instance/i-0e11b62a2336e623c",
            "associate_public_ip_address": false,
            "availability_zone": "us-east-1a",
            "capacity_reservation_specification": [
              {
                "capacity_reservation_preference": "open",
                "capacity_reservation_target": []
              }
            ],
            "cpu_options": [
              {
                "amd_sev_snp": "",
                "core_count": 1,
                "threads_per_core": 2
              }
            ],
            "credit_specification": [
              {
                "cpu_credits": "unlimited"
              }
            ],
            "disable_api_stop": false,
            "disable_api_termination": false,
            "ebs_block_device": [],
            "ebs_optimized": false,
            "enable_primary_ipv6": null,
            "enclave_options": [
              {
                "enabled": false
              }
            ],
            "ephemeral_block_device": [],
            "force_destroy": false,
            "get_password_data": false,
            "hibernation": false,
            "host_id": "",
            "host_resource_group_arn": null,
            "iam_instance_profile": "",
            "id": "i-0e11b62a2336e623c",
            "instance_initiated_shutdown_behavior": "stop",
            "instance_lifecycle": "",
            "instance_market_options": [],
            "instance_state": "running",
            "instance_type": "t3.nano",
            "ipv6_address_count": 0,
            "ipv6_addresses": [],
            "key_name": "dev",
            "launch_template": [],
            "maintenance_options": [
              {
                "auto_recovery": "default"
              }
            ],
            "metadata_options": [
              {
                "http_endpoint": "enabled",
                "http_protocol_ipv6": "disabled",
                "http_put_response_hop_limit": 1,
                "http_tokens": "optional",
                "instance_metadata_tags": "disabled"
              }
            ],
            "monitoring": false,
            "network_interface": [],
            "outpost_arn": "",
            "password_data": "",
            "placement_group": "",
            "placement_group_id": "",
            "placement_partition_number": 0,
            "primary_network_interface": [
              {
                "delete_on_termination": true,
                "network_interface_id": "eni-026f0987b0001e054"
              }
            ],
            "primary_network_interface_id": "eni-026f0987b0001e054",
            "private_dns": "ip-10-0-1-12.ec2.internal",
            "private_dns_name_options": [
              {
                "enable_resource_name_dns_a_record": false,
                "enable_resource_name_dns_aaaa_record": false,
                "hostname_type": "ip-name"
              }
            ],
            "private_ip": "10.0.1.12",
            "public_dns": "",
            "public_ip": "",
            "region": "us-east-1",
            "root_block_device": [
              {
                "delete_on_termination": true,
                "device_name": "/dev/xvda",
                "encrypted": false,
                "iops": 3000,
                "kms_key_id": "",
                "tags": {},
                "tags_all": {},
                "throughput": 125,
                "volume_id": "vol-019045a10fabbea35",
                "volume_size": 8,
                "volume_type": "gp3"
              }
            ],
            "secondary_private_ips": [],
            "security_groups": [],
            "source_dest_check": true,
            "spot_instance_request_id": "",
            "subnet_id": "subnet-068dc3d5449172e94",
            "tags": {
              "Name": "dev.data"
            },
            "tags_all": {
              "Name": "dev.data"
            },
            "tenancy": "default",
            "timeouts": null,
            "user_data": "#!/bin/bash\n#!/bin/bash\nsudo apt-get update -y \u0026\u0026 sudo apt-get dist-upgrade -y\n\n# Enable automatic security updates\nsudo apt-get install -y unattended-upgrades\nsudo dpkg-reconfigure -plow unattended-upgrades\n\nsudo apt-get install -y unzip jq\n\n# add a 'internal' user for running internal services\nsudo useradd internal\n\n# Docker\n# remove any conflicting packages:\nsudo apt remove $(dpkg --get-selections docker.io docker-compose docker-doc podman-docker containerd runc | cut -f1)\n\n# Add Docker's official GPG key:\nsudo apt update\nsudo apt install ca-certificates curl\nsudo install -m 0755 -d /etc/apt/keyrings\nsudo curl -fsSL https://download.docker.com/linux/debian/gpg -o /etc/apt/keyrings/docker.asc\nsudo chmod a+r /etc/apt/keyrings/docker.asc\n\n# Add the repository to Apt sources:\nsudo tee /etc/apt/sources.list.d/docker.sources \u003c\u003cDOCKER_EOF\nTypes: deb\nURIs: https://download.docker.com/linux/debian\nSuites: $(. /etc/os-release \u0026\u0026 echo \"$VERSION_CODENAME\")\nComponents: stable\nSigned-By: /etc/apt/keyrings/docker.asc\nDOCKER_EOF\n\nsudo apt-get update -y \u0026\u0026 sudo apt-get dist-upgrade -y\n\nsudo apt install -y docker-ce docker-ce-cli containerd.io docker-buildx-plugin docker-compose-plugin\n\nnewgrp docker # admin user must be in the docker group\n\nsudo systemctl start docker\nsudo systemctl enable docker\nsudo systemctl status docker\n\nsudo usermod -aG docker admin # N.B. 'admin' is the default user on AWS Debian AMIs\nsudo usermod -aG docker internal\nsudo systemctl restart docker\n\n# fail2ban\nsudo apt-get install -y fail2ban\nsudo systemctl enable fail2ban\nsudo systemctl start fail2ban\nsudo systemctl status fail2ban\n\n\n# ssh password so the 'internal' user can access boxes on 10.0.1.0/24 using ssh password auth:\necho \"internal:$6$UjG7OyUN1qVaHENZ$RvQl8XNox9k8Qzl151LuhE4uJSLBe9TNGrN0lZ13QrvzH5tOg7LtfEOveVjPYuNI2wCOGq0NUZA3b7d4yH8Iz.\" | sudo chpasswd\n# Allow password authentication in SSH\nsudo sed -i 's/^#PasswordAuthentication yes/PasswordAuthentication yes/' /etc/ssh/sshd_config\nsudo sed -i 's/^PasswordAuthentication no/PasswordAuthentication yes/' /etc/ssh/sshd_config\n# Restart SSH service to apply changes\nsudo systemctl restart sshd\n\n\n\n# prepare mount point for postgres data volume\nmkdir -p /mnt/external\n\n# Check if volume is formatted; format only if needed (i.e. only format on first boot, not on reboots)\nif ! file -s /dev/xvdf | grep -q \"filesystem\"; then\n  mkfs -t ext4 /dev/xvdf\nfi\n\n# Add to fstab if not present (auto-mount on reboots)\ngrep -q \"/dev/xvdf\" /etc/fstab || echo \"/dev/xvdf /mnt/external ext4 defaults,nofail 0 2\" \u003e\u003e /etc/fstab\n\n# Now mount all:\nmount -a\n\n# internal user needs access to the /mnt/external area\nmkdir -p /mnt/external/postgresdata\nchown -R internal:internal /mnt/external\n",
            "user_data_base64": null,
            "user_data_replace_on_change": false,
            "volume_tags": null,
            "vpc_security_group_ids": [
              "sg-005ec9a69e9b27558",
              "sg-00fc480e5f337fe21"
            ]
          },
          "sensitive_attributes": [],
          "identity_schema_version": 0,
          "identity": {
            "account_id": "063088900305",
            "id": "i-0e11b62a2336e623c",
            "region": "us-east-1"
          },
          "private": "eyJlMmJmYjczMC1lY2FhLTExZTYtOGY4OC0zNDM2M2JjN2M0YzAiOnsiY3JlYXRlIjo2MDAwMDAwMDAwMDAsImRlbGV0ZSI6MTIwMDAwMDAwMDAwMCwicmVhZCI6OTAwMDAwMDAwMDAwLCJ1cGRhdGUiOjYwMDAwMDAwMDAwMH0sInNjaGVtYV92ZXJzaW9uIjoiMiJ9",
          "dependencies": [
            "module.security_groups.aws_security_group.allow_internal",
            "module.security_groups.aws_security_group.closed_network",
            "module.security_groups.aws_subnet.main",
            "module.security_groups.aws_vpc.main"
          ]
        }
      ]
    },
    {
      "mode": "managed",
      "type": "aws_instance",
      "name": "monolith_dev",
      "provider": "provider[\"registry.terraform.io/hashicorp/aws\"]",
      "instances": [
        {
          "schema_version": 2,
          "attributes": {
            "ami": "ami-0f9c27b471bdcd702",
            "arn": "arn:aws:ec2:us-east-1:063088900305:instance/i-01ac7671193513acd",
            "associate_public_ip_address": false,
            "availability_zone": "us-east-1a",
            "capacity_reservation_specification": [
              {
                "capacity_reservation_preference": "open",
                "capacity_reservation_target": []
              }
            ],
            "cpu_options": [
              {
                "amd_sev_snp": "",
                "core_count": 1,
                "threads_per_core": 2
              }
            ],
            "credit_specification": [
              {
                "cpu_credits": "unlimited"
              }
            ],
            "disable_api_stop": false,
            "disable_api_termination": false,
            "ebs_block_device": [],
            "ebs_optimized": false,
            "enable_primary_ipv6": null,
            "enclave_options": [
              {
                "enabled": false
              }
            ],
            "ephemeral_block_device": [],
            "force_destroy": false,
            "get_password_data": false,
            "hibernation": false,
            "host_id": "",
            "host_resource_group_arn": null,
            "iam_instance_profile": "",
            "id": "i-01ac7671193513acd",
            "instance_initiated_shutdown_behavior": "stop",
            "instance_lifecycle": "",
            "instance_market_options": [],
            "instance_state": "running",
            "instance_type": "t3.micro",
            "ipv6_address_count": 0,
            "ipv6_addresses": [],
            "key_name": "dev",
            "launch_template": [],
            "maintenance_options": [
              {
                "auto_recovery": "default"
              }
            ],
            "metadata_options": [
              {
                "http_endpoint": "enabled",
                "http_protocol_ipv6": "disabled",
                "http_put_response_hop_limit": 1,
                "http_tokens": "optional",
                "instance_metadata_tags": "disabled"
              }
            ],
            "monitoring": false,
            "network_interface": [],
            "outpost_arn": "",
            "password_data": "",
            "placement_group": "",
            "placement_group_id": "",
            "placement_partition_number": 0,
            "primary_network_interface": [
              {
                "delete_on_termination": true,
                "network_interface_id": "eni-0b56fe09f45db2ef1"
              }
            ],
            "primary_network_interface_id": "eni-0b56fe09f45db2ef1",
            "private_dns": "ip-10-0-1-11.ec2.internal",
            "private_dns_name_options": [
              {
                "enable_resource_name_dns_a_record": false,
                "enable_resource_name_dns_aaaa_record": false,
                "hostname_type": "ip-name"
              }
            ],
            "private_ip": "10.0.1.11",
            "public_dns": "",
            "public_ip": "",
            "region": "us-east-1",
            "root_block_device": [
              {
                "delete_on_termination": true,
                "device_name": "/dev/xvda",
                "encrypted": false,
                "iops": 3000,
                "kms_key_id": "",
                "tags": {},
                "tags_all": {},
                "throughput": 125,
                "volume_id": "vol-07e2542dbcf9c1168",
                "volume_size": 8,
                "volume_type": "gp3"
              }
            ],
            "secondary_private_ips": [],
            "security_groups": [],
            "source_dest_check": true,
            "spot_instance_request_id": "",
            "subnet_id": "subnet-068dc3d5449172e94",
            "tags": {
              "Name": "dev.monolith"
            },
            "tags_all": {
              "Name": "dev.monolith"
            },
            "tenancy": "default",
            "timeouts": null,
            "user_data": "#!/bin/bash\n#!/bin/bash\nsudo apt-get update -y \u0026\u0026 sudo apt-get dist-upgrade -y\n\n# Enable automatic security updates\nsudo apt-get install -y unattended-upgrades\nsudo dpkg-reconfigure -plow unattended-upgrades\n\nsudo apt-get install -y unzip jq\n\n# add a 'internal' user for running internal services\nsudo useradd internal\n\n# Docker\n# remove any conflicting packages:\nsudo apt remove $(dpkg --get-selections docker.io docker-compose docker-doc podman-docker containerd runc | cut -f1)\n\n# Add Docker's official GPG key:\nsudo apt update\nsudo apt install ca-certificates curl\nsudo install -m 0755 -d /etc/apt/keyrings\nsudo curl -fsSL https://download.docker.com/linux/debian/gpg -o /etc/apt/keyrings/docker.asc\nsudo chmod a+r /etc/apt/keyrings/docker.asc\n\n# Add the repository to Apt sources:\nsudo tee /etc/apt/sources.list.d/docker.sources \u003c\u003cDOCKER_EOF\nTypes: deb\nURIs: https://download.docker.com/linux/debian\nSuites: $(. /etc/os-release \u0026\u0026 echo \"$VERSION_CODENAME\")\nComponents: stable\nSigned-By: /etc/apt/keyrings/docker.asc\nDOCKER_EOF\n\nsudo apt-get update -y \u0026\u0026 sudo apt-get dist-upgrade -y\n\nsudo apt install -y docker-ce docker-ce-cli containerd.io docker-buildx-plugin docker-compose-plugin\n\nnewgrp docker # admin user must be in the docker group\n\nsudo systemctl start docker\nsudo systemctl enable docker\nsudo systemctl status docker\n\nsudo usermod -aG docker admin # N.B. 'admin' is the default user on AWS Debian AMIs\nsudo usermod -aG docker internal\nsudo systemctl restart docker\n\n# fail2ban\nsudo apt-get install -y fail2ban\nsudo systemctl enable fail2ban\nsudo systemctl start fail2ban\nsudo systemctl status fail2ban\n\n\n# ssh password so the 'internal' user can access boxes on 10.0.1.0/24 using ssh password auth:\necho \"internal:$6$UjG7OyUN1qVaHENZ$RvQl8XNox9k8Qzl151LuhE4uJSLBe9TNGrN0lZ13QrvzH5tOg7LtfEOveVjPYuNI2wCOGq0NUZA3b7d4yH8Iz.\" | sudo chpasswd\n# Allow password authentication in SSH\nsudo sed -i 's/^#PasswordAuthentication yes/PasswordAuthentication yes/' /etc/ssh/sshd_config\nsudo sed -i 's/^PasswordAuthentication no/PasswordAuthentication yes/' /etc/ssh/sshd_config\n# Restart SSH service to apply changes\nsudo systemctl restart sshd\n\n\n",
            "user_data_base64": null,
            "user_data_replace_on_change": false,
            "volume_tags": null,
            "vpc_security_group_ids": [
              "sg-005ec9a69e9b27558",
              "sg-00fc480e5f337fe21"
            ]
          },
          "sensitive_attributes": [],
          "identity_schema_version": 0,
          "identity": {
            "account_id": "063088900305",
            "id": "i-01ac7671193513acd",
            "region": "us-east-1"
          },
          "private": "eyJlMmJmYjczMC1lY2FhLTExZTYtOGY4OC0zNDM2M2JjN2M0YzAiOnsiY3JlYXRlIjo2MDAwMDAwMDAwMDAsImRlbGV0ZSI6MTIwMDAwMDAwMDAwMCwicmVhZCI6OTAwMDAwMDAwMDAwLCJ1cGRhdGUiOjYwMDAwMDAwMDAwMH0sInNjaGVtYV92ZXJzaW9uIjoiMiJ9",
          "dependencies": [
            "module.security_groups.aws_security_group.allow_internal",
            "module.security_groups.aws_security_group.closed_network",
            "module.security_groups.aws_subnet.main",
            "module.security_groups.aws_vpc.main"
          ]
        }
      ]
    },
    {
      "mode": "managed",
      "type": "aws_instance",
      "name": "proxy_dev",
      "provider": "provider[\"registry.terraform.io/hashicorp/aws\"]",
      "instances": [
        {
          "schema_version": 2,
          "attributes": {
            "ami": "ami-0f9c27b471bdcd702",
            "arn": "arn:aws:ec2:us-east-1:063088900305:instance/i-074f9cfc639e8b551",
            "associate_public_ip_address": false,
            "availability_zone": "us-east-1a",
            "capacity_reservation_specification": [
              {
                "capacity_reservation_preference": "open",
                "capacity_reservation_target": []
              }
            ],
            "cpu_options": [
              {
                "amd_sev_snp": "",
                "core_count": 1,
                "threads_per_core": 2
              }
            ],
            "credit_specification": [
              {
                "cpu_credits": "unlimited"
              }
            ],
            "disable_api_stop": false,
            "disable_api_termination": false,
            "ebs_block_device": [],
            "ebs_optimized": false,
            "enable_primary_ipv6": null,
            "enclave_options": [
              {
                "enabled": false
              }
            ],
            "ephemeral_block_device": [],
            "force_destroy": false,
            "get_password_data": false,
            "hibernation": false,
            "host_id": "",
            "host_resource_group_arn": null,
            "iam_instance_profile": "",
            "id": "i-074f9cfc639e8b551",
            "instance_initiated_shutdown_behavior": "stop",
            "instance_lifecycle": "",
            "instance_market_options": [],
            "instance_state": "running",
            "instance_type": "t3.nano",
            "ipv6_address_count": 0,
            "ipv6_addresses": [],
            "key_name": "dev",
            "launch_template": [],
            "maintenance_options": [
              {
                "auto_recovery": "default"
              }
            ],
            "metadata_options": [
              {
                "http_endpoint": "enabled",
                "http_protocol_ipv6": "disabled",
                "http_put_response_hop_limit": 1,
                "http_tokens": "optional",
                "instance_metadata_tags": "disabled"
              }
            ],
            "monitoring": false,
            "network_interface": [],
            "outpost_arn": "",
            "password_data": "",
            "placement_group": "",
            "placement_group_id": "",
            "placement_partition_number": 0,
            "primary_network_interface": [
              {
                "delete_on_termination": true,
                "network_interface_id": "eni-088bdea3297fff38b"
              }
            ],
            "primary_network_interface_id": "eni-088bdea3297fff38b",
            "private_dns": "ip-10-0-1-10.ec2.internal",
            "private_dns_name_options": [
              {
                "enable_resource_name_dns_a_record": false,
                "enable_resource_name_dns_aaaa_record": false,
                "hostname_type": "ip-name"
              }
            ],
            "private_ip": "10.0.1.10",
            "public_dns": "",
            "public_ip": "",
            "region": "us-east-1",
            "root_block_device": [
              {
                "delete_on_termination": true,
                "device_name": "/dev/xvda",
                "encrypted": false,
                "iops": 3000,
                "kms_key_id": "",
                "tags": {},
                "tags_all": {},
                "throughput": 125,
                "volume_id": "vol-04c04195ec9eeb381",
                "volume_size": 8,
                "volume_type": "gp3"
              }
            ],
            "secondary_private_ips": [],
            "security_groups": [],
            "source_dest_check": true,
            "spot_instance_request_id": "",
            "subnet_id": "subnet-068dc3d5449172e94",
            "tags": {
              "Name": "dev.proxy"
            },
            "tags_all": {
              "Name": "dev.proxy"
            },
            "tenancy": "default",
            "timeouts": null,
            "user_data": "#!/bin/bash\n#!/bin/bash\nsudo apt-get update -y \u0026\u0026 sudo apt-get dist-upgrade -y\n\n# Enable automatic security updates\nsudo apt-get install -y unattended-upgrades\nsudo dpkg-reconfigure -plow unattended-upgrades\n\nsudo apt-get install -y unzip jq\n\n# add a 'internal' user for running internal services\nsudo useradd internal\n\n# Docker\n# remove any conflicting packages:\nsudo apt remove $(dpkg --get-selections docker.io docker-compose docker-doc podman-docker containerd runc | cut -f1)\n\n# Add Docker's official GPG key:\nsudo apt update\nsudo apt install ca-certificates curl\nsudo install -m 0755 -d /etc/apt/keyrings\nsudo curl -fsSL https://download.docker.com/linux/debian/gpg -o /etc/apt/keyrings/docker.asc\nsudo chmod a+r /etc/apt/keyrings/docker.asc\n\n# Add the repository to Apt sources:\nsudo tee /etc/apt/sources.list.d/docker.sources \u003c\u003cDOCKER_EOF\nTypes: deb\nURIs: https://download.docker.com/linux/debian\nSuites: $(. /etc/os-release \u0026\u0026 echo \"$VERSION_CODENAME\")\nComponents: stable\nSigned-By: /etc/apt/keyrings/docker.asc\nDOCKER_EOF\n\nsudo apt-get update -y \u0026\u0026 sudo apt-get dist-upgrade -y\n\nsudo apt install -y docker-ce docker-ce-cli containerd.io docker-buildx-plugin docker-compose-plugin\n\nnewgrp docker # admin user must be in the docker group\n\nsudo systemctl start docker\nsudo systemctl enable docker\nsudo systemctl status docker\n\nsudo usermod -aG docker admin # N.B. 'admin' is the default user on AWS Debian AMIs\nsudo usermod -aG docker internal\nsudo systemctl restart docker\n\n# fail2ban\nsudo apt-get install -y fail2ban\nsudo systemctl enable fail2ban\nsudo systemctl start fail2ban\nsudo systemctl status fail2ban\n\n\n# ssh password so the 'internal' user can access boxes on 10.0.1.0/24 using ssh password auth:\necho \"internal:$6$UjG7OyUN1qVaHENZ$RvQl8XNox9k8Qzl151LuhE4uJSLBe9TNGrN0lZ13QrvzH5tOg7LtfEOveVjPYuNI2wCOGq0NUZA3b7d4yH8Iz.\" | sudo chpasswd\n# Allow password authentication in SSH\nsudo sed -i 's/^#PasswordAuthentication yes/PasswordAuthentication yes/' /etc/ssh/sshd_config\nsudo sed -i 's/^PasswordAuthentication no/PasswordAuthentication yes/' /etc/ssh/sshd_config\n# Restart SSH service to apply changes\nsudo systemctl restart sshd\n\n\n",
            "user_data_base64": null,
            "user_data_replace_on_change": false,
            "volume_tags": null,
            "vpc_security_group_ids": [
              "sg-005ec9a69e9b27558",
              "sg-00fc480e5f337fe21",
              "sg-0d80addfb275b7c3d"
            ]
          },
          "sensitive_attributes": [],
          "identity_schema_version": 0,
          "identity": {
            "account_id": "063088900305",
            "id": "i-074f9cfc639e8b551",
            "region": "us-east-1"
          },
          "private": "eyJlMmJmYjczMC1lY2FhLTExZTYtOGY4OC0zNDM2M2JjN2M0YzAiOnsiY3JlYXRlIjo2MDAwMDAwMDAwMDAsImRlbGV0ZSI6MTIwMDAwMDAwMDAwMCwicmVhZCI6OTAwMDAwMDAwMDAwLCJ1cGRhdGUiOjYwMDAwMDAwMDAwMH0sInNjaGVtYV92ZXJzaW9uIjoiMiJ9",
          "dependencies": [
            "module.security_groups.aws_security_group.allow_internal",
            "module.security_groups.aws_security_group.closed_network",
            "module.security_groups.aws_security_group.web_traffic",
            "module.security_groups.aws_subnet.main",
            "module.security_groups.aws_vpc.main"
          ]
        }
      ]
    },
    {
      "mode": "managed",
      "type": "aws_volume_attachment",
      "name": "data_dev_volume_attachment",
      "provider": "provider[\"registry.terraform.io/hashicorp/aws\"]",
      "instances": [
        {
          "schema_version": 0,
          "attributes": {
            "device_name": "/dev/xvdf",
            "force_detach": null,
            "id": "vai-3610203304",
            "instance_id": "i-0e11b62a2336e623c",
            "region": "us-east-1",
            "skip_destroy": null,
            "stop_instance_before_detaching": null,
            "timeouts": null,
            "volume_id": "vol-0d3a782bdfffc34aa"
          },
          "sensitive_attributes": [],
          "identity_schema_version": 0,
          "private": "eyJlMmJmYjczMC1lY2FhLTExZTYtOGY4OC0zNDM2M2JjN2M0YzAiOnsiY3JlYXRlIjozMDAwMDAwMDAwMDAsImRlbGV0ZSI6MzAwMDAwMDAwMDAwfX0=",
          "dependencies": [
            "aws_instance.data_dev",
            "module.security_groups.aws_security_group.allow_internal",
            "module.security_groups.aws_security_group.closed_network",
            "module.security_groups.aws_subnet.main",
            "module.security_groups.aws_vpc.main"
          ]
        }
      ]
    },
    {
      "module": "module.security_groups",
      "mode": "managed",
      "type": "aws_internet_gateway",
      "name": "main",
      "provider": "provider[\"registry.terraform.io/hashicorp/aws\"]",
      "instances": [
        {
          "schema_version": 0,
          "attributes": {
            "arn": "arn:aws:ec2:us-east-1:063088900305:internet-gateway/igw-01f5e492fa007fa17",
            "id": "igw-01f5e492fa007fa17",
            "owner_id": "063088900305",
            "region": "us-east-1",
            "tags": {
              "Name": "prism-igw"
            },
            "tags_all": {
              "Name": "prism-igw"
            },
            "timeouts": null,
            "vpc_id": "vpc-0bbba1d7a5cefb255"
          },
          "sensitive_attributes": [],
          "identity_schema_version": 0,
          "private": "eyJlMmJmYjczMC1lY2FhLTExZTYtOGY4OC0zNDM2M2JjN2M0YzAiOnsiY3JlYXRlIjoxMjAwMDAwMDAwMDAwLCJkZWxldGUiOjEyMDAwMDAwMDAwMDAsInVwZGF0ZSI6MTIwMDAwMDAwMDAwMH19",
          "dependencies": [
            "module.security_groups.aws_vpc.main"
          ]
        }
      ]
    },
    {
      "module": "module.security_groups",
      "mode": "managed",
      "type": "aws_route_table",
      "name": "main",
      "provider": "provider[\"registry.terraform.io/hashicorp/aws\"]",
      "instances": [
        {
          "schema_version": 0,
          "attributes": {
            "arn": "arn:aws:ec2:us-east-1:063088900305:route-table/rtb-0958f92a0b10ee0fd",
            "id": "rtb-0958f92a0b10ee0fd",
            "owner_id": "063088900305",
            "propagating_vgws": [],
            "region": "us-east-1",
            "route": [
              {
                "carrier_gateway_id": "",
                "cidr_block": "0.0.0.0/0",
                "core_network_arn": "",
                "destination_prefix_list_id": "",
                "egress_only_gateway_id": "",
                "gateway_id": "igw-01f5e492fa007fa17",
                "ipv6_cidr_block": "",
                "local_gateway_id": "",
                "nat_gateway_id": "",
                "network_interface_id": "",
                "transit_gateway_id": "",
                "vpc_endpoint_id": "",
                "vpc_peering_connection_id": ""
              }
            ],
            "tags": {
              "Name": "prism-route-table"
            },
            "tags_all": {
              "Name": "prism-route-table"
            },
            "timeouts": null,
            "vpc_id": "vpc-0bbba1d7a5cefb255"
          },
          "sensitive_attributes": [],
          "identity_schema_version": 0,
          "identity": {
            "account_id": "063088900305",
            "id": "rtb-0958f92a0b10ee0fd",
            "region": "us-east-1"
          },
          "private": "eyJlMmJmYjczMC1lY2FhLTExZTYtOGY4OC0zNDM2M2JjN2M0YzAiOnsiY3JlYXRlIjozMDAwMDAwMDAwMDAsImRlbGV0ZSI6MzAwMDAwMDAwMDAwLCJ1cGRhdGUiOjEyMDAwMDAwMDAwMH19",
          "dependencies": [
            "module.security_groups.aws_internet_gateway.main",
            "module.security_groups.aws_vpc.main"
          ]
        }
      ]
    },
    {
      "module": "module.security_groups",
      "mode": "managed",
      "type": "aws_route_table_association",
      "name": "main",
      "provider": "provider[\"registry.terraform.io/hashicorp/aws\"]",
      "instances": [
        {
          "schema_version": 0,
          "attributes": {
            "gateway_id": "",
            "id": "rtbassoc-0841e9a5e61358899",
            "region": "us-east-1",
            "route_table_id": "rtb-0958f92a0b10ee0fd",
            "subnet_id": "subnet-068dc3d5449172e94",
            "timeouts": null
          },
          "sensitive_attributes": [],
          "identity_schema_version": 0,
          "private": "eyJlMmJmYjczMC1lY2FhLTExZTYtOGY4OC0zNDM2M2JjN2M0YzAiOnsiY3JlYXRlIjozMDAwMDAwMDAwMDAsImRlbGV0ZSI6MzAwMDAwMDAwMDAwLCJ1cGRhdGUiOjEyMDAwMDAwMDAwMH19",
          "dependencies": [
            "module.security_groups.aws_internet_gateway.main",
            "module.security_groups.aws_route_table.main",
            "module.security_groups.aws_subnet.main",
            "module.security_groups.aws_vpc.main"
          ]
        }
      ]
    },
    {
      "module": "module.security_groups",
      "mode": "managed",
      "type": "aws_security_group",
      "name": "allow_internal",
      "provider": "provider[\"registry.terraform.io/hashicorp/aws\"]",
      "instances": [
        {
          "schema_version": 1,
          "attributes": {
            "arn": "arn:aws:ec2:us-east-1:063088900305:security-group/sg-00fc480e5f337fe21",
            "description": "Allow internal traffic between instances",
            "egress": [],
            "id": "sg-00fc480e5f337fe21",
            "ingress": [
              {
                "cidr_blocks": [
                  "10.0.1.0/24"
                ],
                "description": "",
                "from_port": 0,
                "ipv6_cidr_blocks": [],
                "prefix_list_ids": [],
                "protocol": "tcp",
                "security_groups": [],
                "self": false,
                "to_port": 65535
              }
            ],
            "name": "allow-internal",
            "name_prefix": "",
            "owner_id": "063088900305",
            "region": "us-east-1",
            "revoke_rules_on_delete": false,
            "tags": null,
            "tags_all": {},
            "timeouts": null,
            "vpc_id": "vpc-0bbba1d7a5cefb255"
          },
          "sensitive_attributes": [],
          "identity_schema_version": 0,
          "identity": {
            "account_id": "063088900305",
            "id": "sg-00fc480e5f337fe21",
            "region": "us-east-1"
          },
          "private": "eyJlMmJmYjczMC1lY2FhLTExZTYtOGY4OC0zNDM2M2JjN2M0YzAiOnsiY3JlYXRlIjo2MDAwMDAwMDAwMDAsImRlbGV0ZSI6OTAwMDAwMDAwMDAwfSwic2NoZW1hX3ZlcnNpb24iOiIxIn0=",
          "dependencies": [
            "module.security_groups.aws_vpc.main"
          ]
        }
      ]
    },
    {
      "module": "module.security_groups",
      "mode": "managed",
      "type": "aws_security_group",
      "name": "closed_network",
      "provider": "provider[\"registry.terraform.io/hashicorp/aws\"]",
      "instances": [
        {
          "schema_version": 1,
          "attributes": {
            "arn": "arn:aws:ec2:us-east-1:063088900305:security-group/sg-005ec9a69e9b27558",
            "description": "Security group blocking all IPv4 and IPv6 traffic",
            "egress": [
              {
                "cidr_blocks": [
                  "0.0.0.0/0"
                ],
                "description": "",
                "from_port": 0,
                "ipv6_cidr_blocks": [],
                "prefix_list_ids": [],
                "protocol": "-1",
                "security_groups": [],
                "self": false,
                "to_port": 0
              },
              {
                "cidr_blocks": [],
                "description": "",
                "from_port": 0,
                "ipv6_cidr_blocks": [],
                "prefix_list_ids": [],
                "protocol": "-1",
                "security_groups": [],
                "self": false,
                "to_port": 0
              }
            ],
            "id": "sg-005ec9a69e9b27558",
            "ingress": [
              {
                "cidr_blocks": [],
                "description": "",
                "from_port": 0,
                "ipv6_cidr_blocks": [],
                "prefix_list_ids": [],
                "protocol": "-1",
                "security_groups": [],
                "self": false,
                "to_port": 0
              }
            ],
            "name": "default_closed_network",
            "name_prefix": "",
            "owner_id": "063088900305",
            "region": "us-east-1",
            "revoke_rules_on_delete": false,
            "tags": null,
            "tags_all": {},
            "timeouts": null,
            "vpc_id": "vpc-0bbba1d7a5cefb255"
          },
          "sensitive_attributes": [],
          "identity_schema_version": 0,
          "identity": {
            "account_id": "063088900305",
            "id": "sg-005ec9a69e9b27558",
            "region": "us-east-1"
          },
          "private": "eyJlMmJmYjczMC1lY2FhLTExZTYtOGY4OC0zNDM2M2JjN2M0YzAiOnsiY3JlYXRlIjo2MDAwMDAwMDAwMDAsImRlbGV0ZSI6OTAwMDAwMDAwMDAwfSwic2NoZW1hX3ZlcnNpb24iOiIxIn0=",
          "dependencies": [
            "module.security_groups.aws_vpc.main"
          ]
        }
      ]
    },
    {
      "module": "module.security_groups",
      "mode": "managed",
      "type": "aws_security_group",
      "name": "ssh",
      "provider": "provider[\"registry.terraform.io/hashicorp/aws\"]",
      "instances": [
        {
          "schema_version": 1,
          "attributes": {
            "arn": "arn:aws:ec2:us-east-1:063088900305:security-group/sg-01ccfb20aedcc5bff",
            "description": "Security group allowing SSH (port 22) ingress for IPv4",
            "egress": [],
            "id": "sg-01ccfb20aedcc5bff",
            "ingress": [
              {
                "cidr_blocks": [
                  "0.0.0.0/0"
                ],
                "description": "",
                "from_port": 22,
                "ipv6_cidr_blocks": [],
                "prefix_list_ids": [],
                "protocol": "tcp",
                "security_groups": [],
                "self": false,
                "to_port": 22
              }
            ],
            "name": "default_ssh_access",
            "name_prefix": "",
            "owner_id": "063088900305",
            "region": "us-east-1",
            "revoke_rules_on_delete": false,
            "tags": null,
            "tags_all": {},
            "timeouts": null,
            "vpc_id": "vpc-0bbba1d7a5cefb255"
          },
          "sensitive_attributes": [],
          "identity_schema_version": 0,
          "identity": {
            "account_id": "063088900305",
            "id": "sg-01ccfb20aedcc5bff",
            "region": "us-east-1"
          },
          "private": "eyJlMmJmYjczMC1lY2FhLTExZTYtOGY4OC0zNDM2M2JjN2M0YzAiOnsiY3JlYXRlIjo2MDAwMDAwMDAwMDAsImRlbGV0ZSI6OTAwMDAwMDAwMDAwfSwic2NoZW1hX3ZlcnNpb24iOiIxIn0=",
          "dependencies": [
            "module.security_groups.aws_vpc.main"
          ]
        }
      ]
    },
    {
      "module": "module.security_groups",
      "mode": "managed",
      "type": "aws_security_group",
      "name": "web_traffic",
      "provider": "provider[\"registry.terraform.io/hashicorp/aws\"]",
      "instances": [
        {
          "schema_version": 1,
          "attributes": {
            "arn": "arn:aws:ec2:us-east-1:063088900305:security-group/sg-0d80addfb275b7c3d",
            "description": "Security group allowing HTTP (port 80) and HTTPS (port 443) ingress for IPv4",
            "egress": [],
            "id": "sg-0d80addfb275b7c3d",
            "ingress": [
              {
                "cidr_blocks": [
                  "0.0.0.0/0"
                ],
                "description": "",
                "from_port": 443,
                "ipv6_cidr_blocks": [],
                "prefix_list_ids": [],
                "protocol": "tcp",
                "security_groups": [],
                "self": false,
                "to_port": 443
              },
              {
                "cidr_blocks": [
                  "0.0.0.0/0"
                ],
                "description": "",
                "from_port": 80,
                "ipv6_cidr_blocks": [],
                "prefix_list_ids": [],
                "protocol": "tcp",
                "security_groups": [],
                "self": false,
                "to_port": 80
              }
            ],
            "name": "default_web_traffic",
            "name_prefix": "",
            "owner_id": "063088900305",
            "region": "us-east-1",
            "revoke_rules_on_delete": false,
            "tags": null,
            "tags_all": {},
            "timeouts": null,
            "vpc_id": "vpc-0bbba1d7a5cefb255"
          },
          "sensitive_attributes": [],
          "identity_schema_version": 0,
          "identity": {
            "account_id": "063088900305",
            "id": "sg-0d80addfb275b7c3d",
            "region": "us-east-1"
          },
          "private": "eyJlMmJmYjczMC1lY2FhLTExZTYtOGY4OC0zNDM2M2JjN2M0YzAiOnsiY3JlYXRlIjo2MDAwMDAwMDAwMDAsImRlbGV0ZSI6OTAwMDAwMDAwMDAwfSwic2NoZW1hX3ZlcnNpb24iOiIxIn0=",
          "dependencies": [
            "module.security_groups.aws_vpc.main"
          ]
        }
      ]
    },
    {
      "module": "module.security_groups",
      "mode": "managed",
      "type": "aws_subnet",
      "name": "main",
      "provider": "provider[\"registry.terraform.io/hashicorp/aws\"]",
      "instances": [
        {
          "schema_version": 1,
          "attributes": {
            "arn": "arn:aws:ec2:us-east-1:063088900305:subnet/subnet-068dc3d5449172e94",
            "assign_ipv6_address_on_creation": false,
            "availability_zone": "us-east-1a",
            "availability_zone_id": "use1-az1",
            "cidr_block": "10.0.1.0/24",
            "customer_owned_ipv4_pool": "",
            "enable_dns64": false,
            "enable_lni_at_device_index": 0,
            "enable_resource_name_dns_a_record_on_launch": false,
            "enable_resource_name_dns_aaaa_record_on_launch": false,
            "id": "subnet-068dc3d5449172e94",
            "ipv6_cidr_block": "",
            "ipv6_cidr_block_association_id": "",
            "ipv6_native": false,
            "map_customer_owned_ip_on_launch": false,
            "map_public_ip_on_launch": false,
            "outpost_arn": "",
            "owner_id": "063088900305",
            "private_dns_hostname_type_on_launch": "ip-name",
            "region": "us-east-1",
            "tags": {
              "Name": "prism-subnet"
            },
            "tags_all": {
              "Name": "prism-subnet"
            },
            "timeouts": null,
            "vpc_id": "vpc-0bbba1d7a5cefb255"
          },
          "sensitive_attributes": [],
          "identity_schema_version": 0,
          "identity": {
            "account_id": "063088900305",
            "id": "subnet-068dc3d5449172e94",
            "region": "us-east-1"
          },
          "private": "eyJlMmJmYjczMC1lY2FhLTExZTYtOGY4OC0zNDM2M2JjN2M0YzAiOnsiY3JlYXRlIjo2MDAwMDAwMDAwMDAsImRlbGV0ZSI6MTIwMDAwMDAwMDAwMH0sInNjaGVtYV92ZXJzaW9uIjoiMSJ9",
          "dependencies": [
            "module.security_groups.aws_vpc.main"
          ]
        }
      ]
    },
    {
      "module": "module.security_groups",
      "mode": "managed",
      "type": "aws_vpc",
      "name": "main",
      "provider": "provider[\"registry.terraform.io/hashicorp/aws\"]",
      "instances": [
        {
          "schema_version": 1,
          "attributes": {
            "arn": "arn:aws:ec2:us-east-1:063088900305:vpc/vpc-0bbba1d7a5cefb255",
            "assign_generated_ipv6_cidr_block": false,
            "cidr_block": "10.0.0.0/16",
            "default_network_acl_id": "acl-03c993336c7e33301",
            "default_route_table_id": "rtb-0fe043f26bda00763",
            "default_security_group_id": "sg-025e9d6122ba6a106",
            "dhcp_options_id": "dopt-0396b50cf23563bd8",
            "enable_dns_hostnames": true,
            "enable_dns_support": true,
            "enable_network_address_usage_metrics": false,
            "id": "vpc-0bbba1d7a5cefb255",
            "instance_tenancy": "default",
            "ipv4_ipam_pool_id": null,
            "ipv4_netmask_length": null,
            "ipv6_association_id": "",
            "ipv6_cidr_block": "",
            "ipv6_cidr_block_network_border_group": "",
            "ipv6_ipam_pool_id": "",
            "ipv6_netmask_length": 0,
            "main_route_table_id": "rtb-0fe043f26bda00763",
            "owner_id": "063088900305",
            "region": "us-east-1",
            "tags": {
              "Name": "prism-vpc"
            },
            "tags_all": {
              "Name": "prism-vpc"
            }
          },
          "sensitive_attributes": [],
          "identity_schema_version": 0,
          "identity": {
            "account_id": "063088900305",
            "id": "vpc-0bbba1d7a5cefb255",
            "region": "us-east-1"
          },
          "private": "eyJzY2hlbWFfdmVyc2lvbiI6IjEifQ=="
        }
      ]
    }
  ],
  "check_results": null
}
