{
  "version": 4,
  "terraform_version": "1.14.1",
  "serial": 97,
  "lineage": "b6fdcee6-02f5-cbf0-7d6b-4e88e2c06005",
  "outputs": {
    "data_dev_private_dns": {
      "value": "ip-172-31-5-96.ec2.internal",
      "type": "string"
    },
    "data_dev_public_dns": {
      "value": "ec2-44-201-66-168.compute-1.amazonaws.com",
      "type": "string"
    },
    "monolith_dev_private_dns": {
      "value": "ip-172-31-8-81.ec2.internal",
      "type": "string"
    },
    "monolith_dev_public_dns": {
      "value": "ec2-44-205-21-99.compute-1.amazonaws.com",
      "type": "string"
    },
    "proxy_dev_private_dns": {
      "value": "ip-172-31-10-149.ec2.internal",
      "type": "string"
    },
    "proxy_dev_public_dns": {
      "value": "ec2-3-235-84-21.compute-1.amazonaws.com",
      "type": "string"
    }
  },
  "resources": [
    {
      "mode": "managed",
      "type": "aws_eip_association",
      "name": "proxy_dev_eip_assoc",
      "provider": "provider[\"registry.terraform.io/hashicorp/aws\"]",
      "instances": [
        {
          "schema_version": 0,
          "attributes": {
            "allocation_id": "eipalloc-0a06fd4140fafdd3c",
            "allow_reassociation": null,
            "id": "eipassoc-0881d234d84081bb0",
            "instance_id": "i-0a64c3ddb98040e9b",
            "network_interface_id": "eni-0189b46998406aaca",
            "private_ip_address": "172.31.10.149",
            "public_ip": "54.210.115.180",
            "region": "us-east-1"
          },
          "sensitive_attributes": [],
          "identity_schema_version": 0,
          "private": "bnVsbA==",
          "dependencies": [
            "aws_instance.proxy_dev",
            "module.security_groups.aws_security_group.closed_network",
            "module.security_groups.aws_security_group.web_traffic"
          ]
        }
      ]
    },
    {
      "mode": "managed",
      "type": "aws_instance",
      "name": "data_dev",
      "provider": "provider[\"registry.terraform.io/hashicorp/aws\"]",
      "instances": [
        {
          "schema_version": 2,
          "attributes": {
            "ami": "ami-0f9c27b471bdcd702",
            "arn": "arn:aws:ec2:us-east-1:063088900305:instance/i-02e4b68b55ddc9f3c",
            "associate_public_ip_address": true,
            "availability_zone": "us-east-1a",
            "capacity_reservation_specification": [
              {
                "capacity_reservation_preference": "open",
                "capacity_reservation_target": []
              }
            ],
            "cpu_options": [
              {
                "amd_sev_snp": "",
                "core_count": 1,
                "threads_per_core": 2
              }
            ],
            "credit_specification": [
              {
                "cpu_credits": "unlimited"
              }
            ],
            "disable_api_stop": false,
            "disable_api_termination": false,
            "ebs_block_device": [],
            "ebs_optimized": false,
            "enable_primary_ipv6": null,
            "enclave_options": [
              {
                "enabled": false
              }
            ],
            "ephemeral_block_device": [],
            "force_destroy": false,
            "get_password_data": false,
            "hibernation": false,
            "host_id": "",
            "host_resource_group_arn": null,
            "iam_instance_profile": "",
            "id": "i-02e4b68b55ddc9f3c",
            "instance_initiated_shutdown_behavior": "stop",
            "instance_lifecycle": "",
            "instance_market_options": [],
            "instance_state": "running",
            "instance_type": "t3.nano",
            "ipv6_address_count": 0,
            "ipv6_addresses": [],
            "key_name": "dev",
            "launch_template": [],
            "maintenance_options": [
              {
                "auto_recovery": "default"
              }
            ],
            "metadata_options": [
              {
                "http_endpoint": "enabled",
                "http_protocol_ipv6": "disabled",
                "http_put_response_hop_limit": 1,
                "http_tokens": "optional",
                "instance_metadata_tags": "disabled"
              }
            ],
            "monitoring": false,
            "network_interface": [],
            "outpost_arn": "",
            "password_data": "",
            "placement_group": "",
            "placement_group_id": "",
            "placement_partition_number": 0,
            "primary_network_interface": [
              {
                "delete_on_termination": true,
                "network_interface_id": "eni-008a62954072662fb"
              }
            ],
            "primary_network_interface_id": "eni-008a62954072662fb",
            "private_dns": "ip-172-31-5-96.ec2.internal",
            "private_dns_name_options": [
              {
                "enable_resource_name_dns_a_record": false,
                "enable_resource_name_dns_aaaa_record": false,
                "hostname_type": "ip-name"
              }
            ],
            "private_ip": "172.31.5.96",
            "public_dns": "ec2-44-201-66-168.compute-1.amazonaws.com",
            "public_ip": "44.201.66.168",
            "region": "us-east-1",
            "root_block_device": [
              {
                "delete_on_termination": true,
                "device_name": "/dev/xvda",
                "encrypted": false,
                "iops": 3000,
                "kms_key_id": "",
                "tags": {},
                "tags_all": {},
                "throughput": 125,
                "volume_id": "vol-0d7a29302ea03174a",
                "volume_size": 8,
                "volume_type": "gp3"
              }
            ],
            "secondary_private_ips": [],
            "security_groups": [
              "default_closed_network"
            ],
            "source_dest_check": true,
            "spot_instance_request_id": "",
            "subnet_id": "subnet-019dfa9831b0525db",
            "tags": {
              "Name": "data_dev"
            },
            "tags_all": {
              "Name": "data_dev"
            },
            "tenancy": "default",
            "timeouts": null,
            "user_data": "#!/bin/bash\n#!/bin/bash\nsudo apt-get update -y \u0026\u0026 sudo apt-get dist-upgrade -y\n\nsudo apt-get install -y unzip jq\n\n# add a 'prism' user for running prism services\nsudo useradd prism\n\n# Docker\n# remove any conflicting packages:\nsudo apt remove $(dpkg --get-selections docker.io docker-compose docker-doc podman-docker containerd runc | cut -f1)\n\n# Add Docker's official GPG key:\nsudo apt update\nsudo apt install ca-certificates curl\nsudo install -m 0755 -d /etc/apt/keyrings\nsudo curl -fsSL https://download.docker.com/linux/debian/gpg -o /etc/apt/keyrings/docker.asc\nsudo chmod a+r /etc/apt/keyrings/docker.asc\n\n# Add the repository to Apt sources:\nsudo tee /etc/apt/sources.list.d/docker.sources \u003c\u003cDOCKER_EOF\nTypes: deb\nURIs: https://download.docker.com/linux/debian\nSuites: $(. /etc/os-release \u0026\u0026 echo \"$VERSION_CODENAME\")\nComponents: stable\nSigned-By: /etc/apt/keyrings/docker.asc\nDOCKER_EOF\n\nsudo apt-get update -y \u0026\u0026 sudo apt-get dist-upgrade -y\n\nsudo apt install -y docker-ce docker-ce-cli containerd.io docker-buildx-plugin docker-compose-plugin\n\nnewgrp docker # admin user must be in the docker group\n\nsudo systemctl start docker\nsudo systemctl enable docker\nsudo systemctl status docker\n\nsudo usermod -aG docker admin # N.B. 'admin' is the default user on AWS Debian AMIs\nsudo usermod -aG docker prism\nsudo systemctl restart docker\n\n# fail2ban\nsudo apt-get install -y fail2ban\nsudo systemctl enable fail2ban\nsudo systemctl start fail2ban\nsudo systemctl status fail2ban\n\n\n\n# prepare mount point for postgres data volume\nmkdir -p /mnt/postgresdata\n\n# Check if volume is formatted; format only if needed (i.e. only format on first boot, not on reboots)\nif ! file -s /dev/xvdf | grep -q \"filesystem\"; then\n  mkfs -t ext4 /dev/xvdf\nfi\n\n# Add to fstab if not present (auto-mount on reboots)\ngrep -q \"/dev/xvdf\" /etc/fstab || echo \"/dev/xvdf /mnt/postgresdata ext4 defaults,nofail 0 2\" \u003e\u003e /etc/fstab\n\n# Now mount all:\nmount -a\n\n# prism user needs access to the data volume\nchown -R prism:prism /mnt/postgresdata\n",
            "user_data_base64": null,
            "user_data_replace_on_change": false,
            "volume_tags": null,
            "vpc_security_group_ids": [
              "sg-0731d7fe081eb0d35"
            ]
          },
          "sensitive_attributes": [],
          "identity_schema_version": 0,
          "identity": {
            "account_id": "063088900305",
            "id": "i-02e4b68b55ddc9f3c",
            "region": "us-east-1"
          },
          "private": "eyJlMmJmYjczMC1lY2FhLTExZTYtOGY4OC0zNDM2M2JjN2M0YzAiOnsiY3JlYXRlIjo2MDAwMDAwMDAwMDAsImRlbGV0ZSI6MTIwMDAwMDAwMDAwMCwicmVhZCI6OTAwMDAwMDAwMDAwLCJ1cGRhdGUiOjYwMDAwMDAwMDAwMH0sInNjaGVtYV92ZXJzaW9uIjoiMiJ9",
          "dependencies": [
            "module.security_groups.aws_security_group.closed_network"
          ]
        }
      ]
    },
    {
      "mode": "managed",
      "type": "aws_instance",
      "name": "monolith_dev",
      "provider": "provider[\"registry.terraform.io/hashicorp/aws\"]",
      "instances": [
        {
          "schema_version": 2,
          "attributes": {
            "ami": "ami-0f9c27b471bdcd702",
            "arn": "arn:aws:ec2:us-east-1:063088900305:instance/i-04e3ae8657fdca657",
            "associate_public_ip_address": true,
            "availability_zone": "us-east-1a",
            "capacity_reservation_specification": [
              {
                "capacity_reservation_preference": "open",
                "capacity_reservation_target": []
              }
            ],
            "cpu_options": [
              {
                "amd_sev_snp": "",
                "core_count": 1,
                "threads_per_core": 2
              }
            ],
            "credit_specification": [
              {
                "cpu_credits": "unlimited"
              }
            ],
            "disable_api_stop": false,
            "disable_api_termination": false,
            "ebs_block_device": [],
            "ebs_optimized": false,
            "enable_primary_ipv6": null,
            "enclave_options": [
              {
                "enabled": false
              }
            ],
            "ephemeral_block_device": [],
            "force_destroy": false,
            "get_password_data": false,
            "hibernation": false,
            "host_id": "",
            "host_resource_group_arn": null,
            "iam_instance_profile": "",
            "id": "i-04e3ae8657fdca657",
            "instance_initiated_shutdown_behavior": "stop",
            "instance_lifecycle": "",
            "instance_market_options": [],
            "instance_state": "running",
            "instance_type": "t3.micro",
            "ipv6_address_count": 0,
            "ipv6_addresses": [],
            "key_name": "dev",
            "launch_template": [],
            "maintenance_options": [
              {
                "auto_recovery": "default"
              }
            ],
            "metadata_options": [
              {
                "http_endpoint": "enabled",
                "http_protocol_ipv6": "disabled",
                "http_put_response_hop_limit": 1,
                "http_tokens": "optional",
                "instance_metadata_tags": "disabled"
              }
            ],
            "monitoring": false,
            "network_interface": [],
            "outpost_arn": "",
            "password_data": "",
            "placement_group": "",
            "placement_group_id": "",
            "placement_partition_number": 0,
            "primary_network_interface": [
              {
                "delete_on_termination": true,
                "network_interface_id": "eni-02e2503a0984e92f9"
              }
            ],
            "primary_network_interface_id": "eni-02e2503a0984e92f9",
            "private_dns": "ip-172-31-8-81.ec2.internal",
            "private_dns_name_options": [
              {
                "enable_resource_name_dns_a_record": false,
                "enable_resource_name_dns_aaaa_record": false,
                "hostname_type": "ip-name"
              }
            ],
            "private_ip": "172.31.8.81",
            "public_dns": "ec2-44-205-21-99.compute-1.amazonaws.com",
            "public_ip": "44.205.21.99",
            "region": "us-east-1",
            "root_block_device": [
              {
                "delete_on_termination": true,
                "device_name": "/dev/xvda",
                "encrypted": false,
                "iops": 3000,
                "kms_key_id": "",
                "tags": {},
                "tags_all": {},
                "throughput": 125,
                "volume_id": "vol-068c8200d7f8ae92d",
                "volume_size": 8,
                "volume_type": "gp3"
              }
            ],
            "secondary_private_ips": [],
            "security_groups": [
              "default_closed_network"
            ],
            "source_dest_check": true,
            "spot_instance_request_id": "",
            "subnet_id": "subnet-019dfa9831b0525db",
            "tags": {
              "Name": "monolith_dev"
            },
            "tags_all": {
              "Name": "monolith_dev"
            },
            "tenancy": "default",
            "timeouts": null,
            "user_data": "#!/bin/bash\n#!/bin/bash\nsudo apt-get update -y \u0026\u0026 sudo apt-get dist-upgrade -y\n\nsudo apt-get install -y unzip jq\n\n# add a 'prism' user for running prism services\nsudo useradd prism\n\n# Docker\n# remove any conflicting packages:\nsudo apt remove $(dpkg --get-selections docker.io docker-compose docker-doc podman-docker containerd runc | cut -f1)\n\n# Add Docker's official GPG key:\nsudo apt update\nsudo apt install ca-certificates curl\nsudo install -m 0755 -d /etc/apt/keyrings\nsudo curl -fsSL https://download.docker.com/linux/debian/gpg -o /etc/apt/keyrings/docker.asc\nsudo chmod a+r /etc/apt/keyrings/docker.asc\n\n# Add the repository to Apt sources:\nsudo tee /etc/apt/sources.list.d/docker.sources \u003c\u003cDOCKER_EOF\nTypes: deb\nURIs: https://download.docker.com/linux/debian\nSuites: $(. /etc/os-release \u0026\u0026 echo \"$VERSION_CODENAME\")\nComponents: stable\nSigned-By: /etc/apt/keyrings/docker.asc\nDOCKER_EOF\n\nsudo apt-get update -y \u0026\u0026 sudo apt-get dist-upgrade -y\n\nsudo apt install -y docker-ce docker-ce-cli containerd.io docker-buildx-plugin docker-compose-plugin\n\nnewgrp docker # admin user must be in the docker group\n\nsudo systemctl start docker\nsudo systemctl enable docker\nsudo systemctl status docker\n\nsudo usermod -aG docker admin # N.B. 'admin' is the default user on AWS Debian AMIs\nsudo usermod -aG docker prism\nsudo systemctl restart docker\n\n# fail2ban\nsudo apt-get install -y fail2ban\nsudo systemctl enable fail2ban\nsudo systemctl start fail2ban\nsudo systemctl status fail2ban\n\n\n",
            "user_data_base64": null,
            "user_data_replace_on_change": false,
            "volume_tags": null,
            "vpc_security_group_ids": [
              "sg-0731d7fe081eb0d35"
            ]
          },
          "sensitive_attributes": [],
          "identity_schema_version": 0,
          "identity": {
            "account_id": "063088900305",
            "id": "i-04e3ae8657fdca657",
            "region": "us-east-1"
          },
          "private": "eyJlMmJmYjczMC1lY2FhLTExZTYtOGY4OC0zNDM2M2JjN2M0YzAiOnsiY3JlYXRlIjo2MDAwMDAwMDAwMDAsImRlbGV0ZSI6MTIwMDAwMDAwMDAwMCwicmVhZCI6OTAwMDAwMDAwMDAwLCJ1cGRhdGUiOjYwMDAwMDAwMDAwMH0sInNjaGVtYV92ZXJzaW9uIjoiMiJ9",
          "dependencies": [
            "module.security_groups.aws_security_group.closed_network"
          ]
        }
      ]
    },
    {
      "mode": "managed",
      "type": "aws_instance",
      "name": "proxy_dev",
      "provider": "provider[\"registry.terraform.io/hashicorp/aws\"]",
      "instances": [
        {
          "schema_version": 2,
          "attributes": {
            "ami": "ami-0f9c27b471bdcd702",
            "arn": "arn:aws:ec2:us-east-1:063088900305:instance/i-0a64c3ddb98040e9b",
            "associate_public_ip_address": true,
            "availability_zone": "us-east-1a",
            "capacity_reservation_specification": [
              {
                "capacity_reservation_preference": "open",
                "capacity_reservation_target": []
              }
            ],
            "cpu_options": [
              {
                "amd_sev_snp": "",
                "core_count": 1,
                "threads_per_core": 2
              }
            ],
            "credit_specification": [
              {
                "cpu_credits": "unlimited"
              }
            ],
            "disable_api_stop": false,
            "disable_api_termination": false,
            "ebs_block_device": [],
            "ebs_optimized": false,
            "enable_primary_ipv6": null,
            "enclave_options": [
              {
                "enabled": false
              }
            ],
            "ephemeral_block_device": [],
            "force_destroy": false,
            "get_password_data": false,
            "hibernation": false,
            "host_id": "",
            "host_resource_group_arn": null,
            "iam_instance_profile": "",
            "id": "i-0a64c3ddb98040e9b",
            "instance_initiated_shutdown_behavior": "stop",
            "instance_lifecycle": "",
            "instance_market_options": [],
            "instance_state": "running",
            "instance_type": "t3.nano",
            "ipv6_address_count": 0,
            "ipv6_addresses": [],
            "key_name": "dev",
            "launch_template": [],
            "maintenance_options": [
              {
                "auto_recovery": "default"
              }
            ],
            "metadata_options": [
              {
                "http_endpoint": "enabled",
                "http_protocol_ipv6": "disabled",
                "http_put_response_hop_limit": 1,
                "http_tokens": "optional",
                "instance_metadata_tags": "disabled"
              }
            ],
            "monitoring": false,
            "network_interface": [],
            "outpost_arn": "",
            "password_data": "",
            "placement_group": "",
            "placement_group_id": "",
            "placement_partition_number": 0,
            "primary_network_interface": [
              {
                "delete_on_termination": true,
                "network_interface_id": "eni-0189b46998406aaca"
              }
            ],
            "primary_network_interface_id": "eni-0189b46998406aaca",
            "private_dns": "ip-172-31-10-149.ec2.internal",
            "private_dns_name_options": [
              {
                "enable_resource_name_dns_a_record": false,
                "enable_resource_name_dns_aaaa_record": false,
                "hostname_type": "ip-name"
              }
            ],
            "private_ip": "172.31.10.149",
            "public_dns": "ec2-3-235-84-21.compute-1.amazonaws.com",
            "public_ip": "3.235.84.21",
            "region": "us-east-1",
            "root_block_device": [
              {
                "delete_on_termination": true,
                "device_name": "/dev/xvda",
                "encrypted": false,
                "iops": 3000,
                "kms_key_id": "",
                "tags": {},
                "tags_all": {},
                "throughput": 125,
                "volume_id": "vol-0c2b855b7b53865bc",
                "volume_size": 8,
                "volume_type": "gp3"
              }
            ],
            "secondary_private_ips": [],
            "security_groups": [
              "default_closed_network",
              "default_web_traffic"
            ],
            "source_dest_check": true,
            "spot_instance_request_id": "",
            "subnet_id": "subnet-019dfa9831b0525db",
            "tags": {
              "Name": "proxy_dev"
            },
            "tags_all": {
              "Name": "proxy_dev"
            },
            "tenancy": "default",
            "timeouts": null,
            "user_data": "#!/bin/bash\n#!/bin/bash\nsudo apt-get update -y \u0026\u0026 sudo apt-get dist-upgrade -y\n\nsudo apt-get install -y unzip jq\n\n# add a 'prism' user for running prism services\nsudo useradd prism\n\n# Docker\n# remove any conflicting packages:\nsudo apt remove $(dpkg --get-selections docker.io docker-compose docker-doc podman-docker containerd runc | cut -f1)\n\n# Add Docker's official GPG key:\nsudo apt update\nsudo apt install ca-certificates curl\nsudo install -m 0755 -d /etc/apt/keyrings\nsudo curl -fsSL https://download.docker.com/linux/debian/gpg -o /etc/apt/keyrings/docker.asc\nsudo chmod a+r /etc/apt/keyrings/docker.asc\n\n# Add the repository to Apt sources:\nsudo tee /etc/apt/sources.list.d/docker.sources \u003c\u003cDOCKER_EOF\nTypes: deb\nURIs: https://download.docker.com/linux/debian\nSuites: $(. /etc/os-release \u0026\u0026 echo \"$VERSION_CODENAME\")\nComponents: stable\nSigned-By: /etc/apt/keyrings/docker.asc\nDOCKER_EOF\n\nsudo apt-get update -y \u0026\u0026 sudo apt-get dist-upgrade -y\n\nsudo apt install -y docker-ce docker-ce-cli containerd.io docker-buildx-plugin docker-compose-plugin\n\nnewgrp docker # admin user must be in the docker group\n\nsudo systemctl start docker\nsudo systemctl enable docker\nsudo systemctl status docker\n\nsudo usermod -aG docker admin # N.B. 'admin' is the default user on AWS Debian AMIs\nsudo usermod -aG docker prism\nsudo systemctl restart docker\n\n# fail2ban\nsudo apt-get install -y fail2ban\nsudo systemctl enable fail2ban\nsudo systemctl start fail2ban\nsudo systemctl status fail2ban\n\n\n",
            "user_data_base64": null,
            "user_data_replace_on_change": false,
            "volume_tags": null,
            "vpc_security_group_ids": [
              "sg-0731d7fe081eb0d35",
              "sg-0ce8d2f098cbb3d07"
            ]
          },
          "sensitive_attributes": [],
          "identity_schema_version": 0,
          "identity": {
            "account_id": "063088900305",
            "id": "i-0a64c3ddb98040e9b",
            "region": "us-east-1"
          },
          "private": "eyJlMmJmYjczMC1lY2FhLTExZTYtOGY4OC0zNDM2M2JjN2M0YzAiOnsiY3JlYXRlIjo2MDAwMDAwMDAwMDAsImRlbGV0ZSI6MTIwMDAwMDAwMDAwMCwicmVhZCI6OTAwMDAwMDAwMDAwLCJ1cGRhdGUiOjYwMDAwMDAwMDAwMH0sInNjaGVtYV92ZXJzaW9uIjoiMiJ9",
          "dependencies": [
            "module.security_groups.aws_security_group.closed_network",
            "module.security_groups.aws_security_group.web_traffic"
          ]
        }
      ]
    },
    {
      "mode": "managed",
      "type": "aws_volume_attachment",
      "name": "data_dev_volume_attachment",
      "provider": "provider[\"registry.terraform.io/hashicorp/aws\"]",
      "instances": [
        {
          "schema_version": 0,
          "attributes": {
            "device_name": "/dev/xvdf",
            "force_detach": null,
            "id": "vai-1783583196",
            "instance_id": "i-02e4b68b55ddc9f3c",
            "region": "us-east-1",
            "skip_destroy": null,
            "stop_instance_before_detaching": null,
            "timeouts": null,
            "volume_id": "vol-0d3a782bdfffc34aa"
          },
          "sensitive_attributes": [],
          "identity_schema_version": 0,
          "private": "eyJlMmJmYjczMC1lY2FhLTExZTYtOGY4OC0zNDM2M2JjN2M0YzAiOnsiY3JlYXRlIjozMDAwMDAwMDAwMDAsImRlbGV0ZSI6MzAwMDAwMDAwMDAwfX0=",
          "dependencies": [
            "aws_instance.data_dev",
            "module.security_groups.aws_security_group.closed_network"
          ]
        }
      ]
    },
    {
      "module": "module.security_groups",
      "mode": "managed",
      "type": "aws_security_group",
      "name": "closed_network",
      "provider": "provider[\"registry.terraform.io/hashicorp/aws\"]",
      "instances": [
        {
          "schema_version": 1,
          "attributes": {
            "arn": "arn:aws:ec2:us-east-1:063088900305:security-group/sg-0731d7fe081eb0d35",
            "description": "Security group allowing only port 22 ingress for IPv4 and blocking all IPv6 traffic",
            "egress": [
              {
                "cidr_blocks": [
                  "0.0.0.0/0"
                ],
                "description": "",
                "from_port": 0,
                "ipv6_cidr_blocks": [],
                "prefix_list_ids": [],
                "protocol": "-1",
                "security_groups": [],
                "self": false,
                "to_port": 0
              },
              {
                "cidr_blocks": [],
                "description": "",
                "from_port": 0,
                "ipv6_cidr_blocks": [],
                "prefix_list_ids": [],
                "protocol": "-1",
                "security_groups": [],
                "self": false,
                "to_port": 0
              }
            ],
            "id": "sg-0731d7fe081eb0d35",
            "ingress": [
              {
                "cidr_blocks": [
                  "0.0.0.0/0"
                ],
                "description": "",
                "from_port": 22,
                "ipv6_cidr_blocks": [],
                "prefix_list_ids": [],
                "protocol": "tcp",
                "security_groups": [],
                "self": false,
                "to_port": 22
              },
              {
                "cidr_blocks": [],
                "description": "",
                "from_port": 0,
                "ipv6_cidr_blocks": [],
                "prefix_list_ids": [],
                "protocol": "-1",
                "security_groups": [],
                "self": false,
                "to_port": 0
              }
            ],
            "name": "default_closed_network",
            "name_prefix": "",
            "owner_id": "063088900305",
            "region": "us-east-1",
            "revoke_rules_on_delete": false,
            "tags": null,
            "tags_all": {},
            "timeouts": null,
            "vpc_id": "vpc-0d795a34ebd13cc8d"
          },
          "sensitive_attributes": [],
          "identity_schema_version": 0,
          "identity": {
            "account_id": "063088900305",
            "id": "sg-0731d7fe081eb0d35",
            "region": "us-east-1"
          },
          "private": "eyJlMmJmYjczMC1lY2FhLTExZTYtOGY4OC0zNDM2M2JjN2M0YzAiOnsiY3JlYXRlIjo2MDAwMDAwMDAwMDAsImRlbGV0ZSI6OTAwMDAwMDAwMDAwfSwic2NoZW1hX3ZlcnNpb24iOiIxIn0="
        }
      ]
    },
    {
      "module": "module.security_groups",
      "mode": "managed",
      "type": "aws_security_group",
      "name": "web_traffic",
      "provider": "provider[\"registry.terraform.io/hashicorp/aws\"]",
      "instances": [
        {
          "schema_version": 1,
          "attributes": {
            "arn": "arn:aws:ec2:us-east-1:063088900305:security-group/sg-0ce8d2f098cbb3d07",
            "description": "Security group allowing HTTP (port 80) and HTTPS (port 443) ingress for IPv4",
            "egress": [],
            "id": "sg-0ce8d2f098cbb3d07",
            "ingress": [
              {
                "cidr_blocks": [
                  "0.0.0.0/0"
                ],
                "description": "",
                "from_port": 443,
                "ipv6_cidr_blocks": [],
                "prefix_list_ids": [],
                "protocol": "tcp",
                "security_groups": [],
                "self": false,
                "to_port": 443
              },
              {
                "cidr_blocks": [
                  "0.0.0.0/0"
                ],
                "description": "",
                "from_port": 80,
                "ipv6_cidr_blocks": [],
                "prefix_list_ids": [],
                "protocol": "tcp",
                "security_groups": [],
                "self": false,
                "to_port": 80
              }
            ],
            "name": "default_web_traffic",
            "name_prefix": "",
            "owner_id": "063088900305",
            "region": "us-east-1",
            "revoke_rules_on_delete": false,
            "tags": null,
            "tags_all": {},
            "timeouts": null,
            "vpc_id": "vpc-0d795a34ebd13cc8d"
          },
          "sensitive_attributes": [],
          "identity_schema_version": 0,
          "identity": {
            "account_id": "063088900305",
            "id": "sg-0ce8d2f098cbb3d07",
            "region": "us-east-1"
          },
          "private": "eyJlMmJmYjczMC1lY2FhLTExZTYtOGY4OC0zNDM2M2JjN2M0YzAiOnsiY3JlYXRlIjo2MDAwMDAwMDAwMDAsImRlbGV0ZSI6OTAwMDAwMDAwMDAwfSwic2NoZW1hX3ZlcnNpb24iOiIxIn0="
        }
      ]
    }
  ],
  "check_results": null
}
