{
  "version": 4,
  "terraform_version": "1.14.1",
  "serial": 757,
  "lineage": "9f1a99cb-0577-5b01-76f5-f9329838b4e7",
  "outputs": {},
  "resources": [
    {
      "module": "module.shared",
      "mode": "managed",
      "type": "aws_eip",
      "name": "nat",
      "provider": "provider[\"registry.terraform.io/hashicorp/aws\"]",
      "instances": [
        {
          "schema_version": 0,
          "attributes": {
            "address": null,
            "allocation_id": "eipalloc-071ad93313d1fa8f4",
            "arn": "arn:aws:ec2:us-east-1:063088900305:elastic-ip/eipalloc-071ad93313d1fa8f4",
            "associate_with_private_ip": null,
            "association_id": "",
            "carrier_ip": "",
            "customer_owned_ip": "",
            "customer_owned_ipv4_pool": "",
            "domain": "vpc",
            "id": "eipalloc-071ad93313d1fa8f4",
            "instance": "",
            "ipam_pool_id": null,
            "network_border_group": "us-east-1",
            "network_interface": "",
            "private_dns": null,
            "private_ip": "",
            "ptr_record": "",
            "public_dns": "ec2-67-202-8-198.compute-1.amazonaws.com",
            "public_ip": "67.202.8.198",
            "public_ipv4_pool": "amazon",
            "region": "us-east-1",
            "tags": {
              "Name": "dev-nat"
            },
            "tags_all": {
              "Name": "dev-nat"
            },
            "timeouts": null
          },
          "sensitive_attributes": [],
          "identity_schema_version": 0,
          "private": "eyJlMmJmYjczMC1lY2FhLTExZTYtOGY4OC0zNDM2M2JjN2M0YzAiOnsiZGVsZXRlIjoxODAwMDAwMDAwMDAsInJlYWQiOjkwMDAwMDAwMDAwMCwidXBkYXRlIjozMDAwMDAwMDAwMDB9fQ=="
        }
      ]
    },
    {
      "module": "module.shared",
      "mode": "managed",
      "type": "aws_iam_instance_profile",
      "name": "combined_instance_profile",
      "provider": "provider[\"registry.terraform.io/hashicorp/aws\"]",
      "instances": [
        {
          "schema_version": 0,
          "attributes": {
            "arn": "arn:aws:iam::063088900305:instance-profile/dev-combined-instance-profile",
            "create_date": "2025-12-16T17:35:42Z",
            "id": "dev-combined-instance-profile",
            "name": "dev-combined-instance-profile",
            "name_prefix": "",
            "path": "/",
            "role": "dev-combined-role",
            "tags": null,
            "tags_all": {},
            "unique_id": "AIPAQ5MDEHDI3YDVEKDMV"
          },
          "sensitive_attributes": [],
          "identity_schema_version": 0,
          "private": "bnVsbA==",
          "dependencies": [
            "module.shared.aws_iam_role.combined_role"
          ]
        }
      ]
    },
    {
      "module": "module.shared",
      "mode": "managed",
      "type": "aws_iam_policy",
      "name": "combined_policy",
      "provider": "provider[\"registry.terraform.io/hashicorp/aws\"]",
      "instances": [
        {
          "schema_version": 0,
          "attributes": {
            "arn": "arn:aws:iam::063088900305:policy/dev-combined-policy",
            "attachment_count": 0,
            "description": "Combined policy",
            "id": "arn:aws:iam::063088900305:policy/dev-combined-policy",
            "name": "dev-combined-policy",
            "name_prefix": "",
            "path": "/",
            "policy": "{\"Statement\":[{\"Action\":[\"s3:GetObject\",\"s3:ListBucket\"],\"Effect\":\"Allow\",\"Resource\":[\"arn:aws:s3:::prismlabs-deployment\",\"arn:aws:s3:::prismlabs-deployment/*\"]},{\"Action\":\"ssm:GetParameter\",\"Effect\":\"Allow\",\"Resource\":\"arn:aws:ssm:us-east-1:063088900305:parameter/read_ghcr\"}],\"Version\":\"2012-10-17\"}",
            "policy_id": "ANPAQ5MDEHDI7JLYBXEZZ",
            "tags": null,
            "tags_all": {}
          },
          "sensitive_attributes": [],
          "identity_schema_version": 0,
          "identity": {
            "arn": "arn:aws:iam::063088900305:policy/dev-combined-policy"
          },
          "private": "bnVsbA=="
        }
      ]
    },
    {
      "module": "module.shared",
      "mode": "managed",
      "type": "aws_iam_role",
      "name": "combined_role",
      "provider": "provider[\"registry.terraform.io/hashicorp/aws\"]",
      "instances": [
        {
          "schema_version": 0,
          "attributes": {
            "arn": "arn:aws:iam::063088900305:role/dev-combined-role",
            "assume_role_policy": "{\"Statement\":[{\"Action\":\"sts:AssumeRole\",\"Effect\":\"Allow\",\"Principal\":{\"Service\":\"ec2.amazonaws.com\"}}],\"Version\":\"2012-10-17\"}",
            "create_date": "2025-12-16T17:35:41Z",
            "description": "",
            "force_detach_policies": false,
            "id": "dev-combined-role",
            "inline_policy": [],
            "managed_policy_arns": [],
            "max_session_duration": 3600,
            "name": "dev-combined-role",
            "name_prefix": "",
            "path": "/",
            "permissions_boundary": "",
            "tags": null,
            "tags_all": {},
            "unique_id": "AROAQ5MDEHDIWI5AU6VYU"
          },
          "sensitive_attributes": [],
          "identity_schema_version": 0,
          "identity": {
            "account_id": "063088900305",
            "name": "dev-combined-role"
          },
          "private": "bnVsbA=="
        }
      ]
    },
    {
      "module": "module.shared",
      "mode": "managed",
      "type": "aws_iam_role_policy_attachment",
      "name": "combined_policy_attach",
      "provider": "provider[\"registry.terraform.io/hashicorp/aws\"]",
      "instances": [
        {
          "schema_version": 0,
          "attributes": {
            "id": "dev-combined-role/arn:aws:iam::063088900305:policy/dev-combined-policy",
            "policy_arn": "arn:aws:iam::063088900305:policy/dev-combined-policy",
            "role": "dev-combined-role"
          },
          "sensitive_attributes": [],
          "identity_schema_version": 0,
          "identity": {
            "account_id": "063088900305",
            "policy_arn": "arn:aws:iam::063088900305:policy/dev-combined-policy",
            "role": "dev-combined-role"
          },
          "private": "bnVsbA==",
          "dependencies": [
            "module.shared.aws_iam_policy.combined_policy",
            "module.shared.aws_iam_role.combined_role"
          ]
        }
      ]
    },
    {
      "module": "module.shared",
      "mode": "managed",
      "type": "aws_vpc",
      "name": "main",
      "provider": "provider[\"registry.terraform.io/hashicorp/aws\"]",
      "instances": []
    }
  ],
  "check_results": null
}
